// !$*UTF8*$!
{
	archiveVersion = 1;
	classes = {
	};
	objectVersion = 46;
	objects = {

/* Begin PBXAggregateTarget section */
		B12CE556D30F746F8DA40E13 /* viator-graphic-eq - All */ = {
			isa = PBXAggregateTarget;
			buildConfigurationList = C3AE578F13F6E8FE397A47A7;
			buildPhases = (
			);
			dependencies = (
				AC5066F244BA2410217E2C00,
				25A8EAA5E0F6FB3D7B52F453,
				3D240696A51EE4EFCC6B430E,
				A8989E5CF770E092583B9819,
			);
			name = "viator-graphic-eq - All";
			productName = "viator-graphic-eq";
		};
/* End PBXAggregateTarget section */

/* Begin PBXBuildFile section */
		04DE073E75CF9BB77397D9D3 /* include_juce_audio_plugin_client_AU_1.mm */ = {isa = PBXBuildFile; fileRef = 28D54AA38E66B39F2C84331E; };
		080E511759940007BFB951C2 /* Shared Code */ = {isa = PBXBuildFile; fileRef = 071FF6D3DA24D1192B1D132E; };
		0A4F57AB02867A0BF03515EB /* include_juce_core.mm */ = {isa = PBXBuildFile; fileRef = 79E451041191DD9BA4174A2E; };
		0DD18A232BA9443438CAB253 /* BinaryData5.cpp */ = {isa = PBXBuildFile; fileRef = D1B5F2F9B618FC03020BA1C3; };
		0F2EA77E7B78F026F0B4133A /* PluginEditor.cpp */ = {isa = PBXBuildFile; fileRef = CD8189AD686FCFA28415C2C8; };
		1103C5CC527ED845C5016946 /* IOKit.framework */ = {isa = PBXBuildFile; fileRef = E9FC0E5CCD23CAC16950E4AA; };
		17C9474101E386C3D164B080 /* Cocoa.framework */ = {isa = PBXBuildFile; fileRef = A8B5D7D2450E2EF91079AC76; };
		1A91773C3D8DBA0F5BD5B85D /* BinaryData.cpp */ = {isa = PBXBuildFile; fileRef = D9F8C59C1E48088E04D65153; };
		252E5987B50A56711D0EAB5E /* Foundation.framework */ = {isa = PBXBuildFile; fileRef = 77162C3F95F99FE929706AA1; };
		25B4DE6D0D4D798A5ACCFBF1 /* include_juce_audio_devices.mm */ = {isa = PBXBuildFile; fileRef = E6A150617CC633D5C457A138; };
		270DE87016686F166E76C606 /* include_juce_audio_utils.mm */ = {isa = PBXBuildFile; fileRef = 5B80453E950E8B9203EBE75B; };
		27BE1F69004925B23CFB4AA7 /* include_juce_audio_plugin_client_AU_2.mm */ = {isa = PBXBuildFile; fileRef = 5312B3BC55DD549396483A38; };
		2AC1F34B49EB80091218F30C /* BinaryData9.cpp */ = {isa = PBXBuildFile; fileRef = A7C0CB906A3E81F677E9D584; };
		35300370312391D9F8A7597E /* AudioUnit.framework */ = {isa = PBXBuildFile; fileRef = B2AE46343CD0F9DCB9049CC5; };
		39C04D2F17C9AFE7280D6996 /* include_juce_events.mm */ = {isa = PBXBuildFile; fileRef = 239802210411660B95F85CCE; };
		39F5B00ED853114DB09AB96D /* AudioToolbox.framework */ = {isa = PBXBuildFile; fileRef = 731BE15DDCAD450C615DAADA; };
		3A4CFE390CA3ED54AD7813ED /* CoreAudio.framework */ = {isa = PBXBuildFile; fileRef = F59B13B0560C9AE89219F318; };
		3F6C8B454815A57C48E1F6FE /* WebKit.framework */ = {isa = PBXBuildFile; fileRef = 2E3C7647C430805C86909827; };
		587FD4D6893EF0CEF3B163BF /* include_juce_graphics.mm */ = {isa = PBXBuildFile; fileRef = 8E34E8A6AD0DBB7C5C7A5575; };
		5B4CC8652836549807929DE2 /* include_juce_gui_extra.mm */ = {isa = PBXBuildFile; fileRef = D4A8C01824BD6B58BDB85759; };
		6316935F087BD3EB7F7E3E18 /* BinaryData7.cpp */ = {isa = PBXBuildFile; fileRef = DF463DE3B917ACEB7DDDC7E2; };
		6B36FC1206E172D2AC06EDCA /* include_juce_audio_processors_ara.cpp */ = {isa = PBXBuildFile; fileRef = A66A6C79562AE38A82BD44AC; };
		74AC9C227A4A047FC673BC8E /* BinaryData2.cpp */ = {isa = PBXBuildFile; fileRef = FEC5F8141CBD283196716540; };
		7759D9C117CA0478145FFB82 /* include_juce_audio_plugin_client_Standalone.cpp */ = {isa = PBXBuildFile; fileRef = BAA71D6015BA6732BE4A0EDB; };
		812197F635F9BC9B7D1FDDEE /* VST3 */ = {isa = PBXBuildFile; fileRef = B310EA6679ADB3D83D0971C7; };
		81902E32957E4F31BFD08696 /* QuartzCore.framework */ = {isa = PBXBuildFile; fileRef = 5A2452A9083B7C6043A28A6F; };
		88139CF106D69DAD0F89BB75 /* BinaryData6.cpp */ = {isa = PBXBuildFile; fileRef = 16882376ACF120E20AA21E57; };
		8A1AB08F9CD5A2D0CA5E415D /* CoreAudioKit.framework */ = {isa = PBXBuildFile; fileRef = 67DEDF805EDD9544F8944071; };
		90B0EB1902CCDCF15139B04B /* include_juce_audio_plugin_client_ARA.cpp */ = {isa = PBXBuildFile; fileRef = 655F5FCE0C9643075E114921; };
		91470C250BC7C1CBB1D132FB /* include_juce_gui_basics.mm */ = {isa = PBXBuildFile; fileRef = 524539899DC734BC9701D612; };
		946650A7E0DA59E2170577B0 /* BinaryData8.cpp */ = {isa = PBXBuildFile; fileRef = B12817C7B33A7ED0CF6177D1; };
		A3BC1CBD503CE04B938231D5 /* include_juce_audio_processors.mm */ = {isa = PBXBuildFile; fileRef = A850547FCE1B5E47E34D1407; };
		AEB978D1AF8C5F1571985F73 /* Standalone Plugin */ = {isa = PBXBuildFile; fileRef = BA672990B0A4BC8E30661257; };
		AF36B749399952E637DEE32B /* BinaryData4.cpp */ = {isa = PBXBuildFile; fileRef = EFACD603F6F5466C009499F3; };
		BADDD77569A96C68A21D8851 /* include_juce_audio_plugin_client_VST_utils.mm */ = {isa = PBXBuildFile; fileRef = BA0B657176ABC3E53FF1820D; };
		BB3575B1CF5B3A386E95A53A /* include_juce_audio_formats.mm */ = {isa = PBXBuildFile; fileRef = EC289C59A1D3875F4DC9D882; };
		C2E4C677D8BFDDE3F53ECF1E /* include_juce_dsp.mm */ = {isa = PBXBuildFile; fileRef = 6156B13267CF25BD7C284A11; };
		C6C07BE293EAB71A2502FD66 /* PluginProcessor.cpp */ = {isa = PBXBuildFile; fileRef = CE1B2CD058EE09686965A3AE; };
		CC3CF378FC7A56492AC3CBFC /* include_juce_audio_plugin_client_VST3.cpp */ = {isa = PBXBuildFile; fileRef = D23D3DE8F07413FF81F58F2A; };
		CFCC8BD2DD413AC67E06C566 /* include_juce_audio_plugin_client_utils.cpp */ = {isa = PBXBuildFile; fileRef = 5E581D7BAAC5F776065D8D8D; };
		D193FD63C44B9D98E4B0554A /* RecentFilesMenuTemplate.nib */ = {isa = PBXBuildFile; fileRef = F33DCEE70735554658A26852; };
		E387EB43AD0C0AECDF7EADAC /* AU */ = {isa = PBXBuildFile; fileRef = C5F12A2BC8FEC21F35709537; };
		E41277C4528B6E3A65C6DCF7 /* include_juce_audio_basics.mm */ = {isa = PBXBuildFile; fileRef = A7D85A0E06E19A3EAA092BF2; };
		E760331E167E2BE010B9B97D /* include_viator_modules.cpp */ = {isa = PBXBuildFile; fileRef = 0650EC60AAF6A1F5C305F35A; };
		E828072215D9873E5F427120 /* include_juce_data_structures.mm */ = {isa = PBXBuildFile; fileRef = 26B8E40DFDDEDF545831FCCA; };
		E8E7B3B950342A3F55A31885 /* CoreMIDI.framework */ = {isa = PBXBuildFile; fileRef = 7136A49228F230B6FCBF210F; };
		F7D5C95B7A9BD316BA70BD7A /* Accelerate.framework */ = {isa = PBXBuildFile; fileRef = 2B2C4B045AF1034CA628615F; };
		F97131A6E85F67773045EC85 /* include_juce_audio_processors_lv2_libs.cpp */ = {isa = PBXBuildFile; fileRef = A3281925CE5F687495AE70C9; };
		FAD81BDD8A82D9928BA31100 /* DiscRecording.framework */ = {isa = PBXBuildFile; fileRef = D914C7BF15D2E68E07CDD4F3; };
		FE2EC9F1E492CEBBB70D2505 /* BinaryData3.cpp */ = {isa = PBXBuildFile; fileRef = 587103C70D660BC2B414BF8B; };
/* End PBXBuildFile section */

/* Begin PBXFileReference section */
		016B58E29983A5A72C548505 /* juce_data_structures */ /* juce_data_structures */ = {isa = PBXFileReference; lastKnownFileType = folder; name = juce_data_structures; path = ../../../modules/JUCE/modules/juce_data_structures; sourceTree = SOURCE_ROOT; };
		0414C3DEC867E6DEC8B8387C /* BinaryData.h */ /* BinaryData.h */ = {isa = PBXFileReference; lastKnownFileType = sourcecode.c.h; name = BinaryData.h; path = ../../JuceLibraryCode/BinaryData.h; sourceTree = SOURCE_ROOT; };
		0650EC60AAF6A1F5C305F35A /* include_viator_modules.cpp */ /* include_viator_modules.cpp */ = {isa = PBXFileReference; lastKnownFileType = sourcecode.cpp.cpp; name = include_viator_modules.cpp; path = ../../JuceLibraryCode/include_viator_modules.cpp; sourceTree = SOURCE_ROOT; };
		067AE9D66B62C2D0C175BBDF /* scale_vu-meterno_name.png */ /* scale_vu-meterno_name.png */ = {isa = PBXFileReference; lastKnownFileType = image.png; name = "scale_vu-meterno_name.png"; path = "../../Source/Assets/vu-meter/scale_vu-meterno_name.png"; sourceTree = SOURCE_ROOT; };
		071FF6D3DA24D1192B1D132E /* Shared Code */ = {isa = PBXFileReference; explicitFileType = archive.ar; includeInIndex = 0; path = "libviator-graphic-eq.a"; sourceTree = BUILT_PRODUCTS_DIR; };
		0FC4641A167F9FE27A286568 /* JucePluginDefines.h */ /* JucePluginDefines.h */ = {isa = PBXFileReference; lastKnownFileType = sourcecode.c.h; name = JucePluginDefines.h; path = ../../JuceLibraryCode/JucePluginDefines.h; sourceTree = SOURCE_ROOT; };
		114B8D75D5161353DE3F5ACC /* PluginProcessor.h */ /* PluginProcessor.h */ = {isa = PBXFileReference; lastKnownFileType = sourcecode.c.h; name = PluginProcessor.h; path = ../../Source/PluginProcessor.h; sourceTree = SOURCE_ROOT; };
		16882376ACF120E20AA21E57 /* BinaryData6.cpp */ /* BinaryData6.cpp */ = {isa = PBXFileReference; lastKnownFileType = sourcecode.cpp.cpp; name = BinaryData6.cpp; path = ../../JuceLibraryCode/BinaryData6.cpp; sourceTree = SOURCE_ROOT; };
		239802210411660B95F85CCE /* include_juce_events.mm */ /* include_juce_events.mm */ = {isa = PBXFileReference; lastKnownFileType = sourcecode.cpp.objcpp; name = include_juce_events.mm; path = ../../JuceLibraryCode/include_juce_events.mm; sourceTree = SOURCE_ROOT; };
		26B8E40DFDDEDF545831FCCA /* include_juce_data_structures.mm */ /* include_juce_data_structures.mm */ = {isa = PBXFileReference; lastKnownFileType = sourcecode.cpp.objcpp; name = include_juce_data_structures.mm; path = ../../JuceLibraryCode/include_juce_data_structures.mm; sourceTree = SOURCE_ROOT; };
		284D9D242543C3FEF61D9983 /* Info-AU.plist */ /* Info-AU.plist */ = {isa = PBXFileReference; lastKnownFileType = text.plist.xml; name = "Info-AU.plist"; path = "Info-AU.plist"; sourceTree = SOURCE_ROOT; };
		28D54AA38E66B39F2C84331E /* include_juce_audio_plugin_client_AU_1.mm */ /* include_juce_audio_plugin_client_AU_1.mm */ = {isa = PBXFileReference; lastKnownFileType = sourcecode.cpp.objcpp; name = include_juce_audio_plugin_client_AU_1.mm; path = ../../JuceLibraryCode/include_juce_audio_plugin_client_AU_1.mm; sourceTree = SOURCE_ROOT; };
		2A8ACEC6EDDB8502AF2CEDD1 /* scale_vu-meter.png */ /* scale_vu-meter.png */ = {isa = PBXFileReference; lastKnownFileType = image.png; name = "scale_vu-meter.png"; path = "../../Source/Assets/vu-meter/scale_vu-meter.png"; sourceTree = SOURCE_ROOT; };
		2B2C4B045AF1034CA628615F /* Accelerate.framework */ /* Accelerate.framework */ = {isa = PBXFileReference; lastKnownFileType = wrapper.framework; name = Accelerate.framework; path = System/Library/Frameworks/Accelerate.framework; sourceTree = SDKROOT; };
		2BA1C7751192137D9C273F28 /* Knob_02.png */ /* Knob_02.png */ = {isa = PBXFileReference; lastKnownFileType = image.png; name = Knob_02.png; path = ../../Source/Assets/knobs/Knob_02.png; sourceTree = SOURCE_ROOT; };
		2E3C7647C430805C86909827 /* WebKit.framework */ /* WebKit.framework */ = {isa = PBXFileReference; lastKnownFileType = wrapper.framework; name = WebKit.framework; path = System/Library/Frameworks/WebKit.framework; sourceTree = SDKROOT; };
		30BF03E9B109CDF1CFDA2BA4 /* juce_gui_basics */ /* juce_gui_basics */ = {isa = PBXFileReference; lastKnownFileType = folder; name = juce_gui_basics; path = ../../../modules/JUCE/modules/juce_gui_basics; sourceTree = SOURCE_ROOT; };
		3DF949F621337625A1596932 /* Knob_07.png */ /* Knob_07.png */ = {isa = PBXFileReference; lastKnownFileType = image.png; name = Knob_07.png; path = ../../Source/Assets/knobs/Knob_07.png; sourceTree = SOURCE_ROOT; };
		3F93958133DD2B8F4E77C0AD /* Knob_03.png */ /* Knob_03.png */ = {isa = PBXFileReference; lastKnownFileType = image.png; name = Knob_03.png; path = ../../Source/Assets/knobs/Knob_03.png; sourceTree = SOURCE_ROOT; };
		44B7A6C4DA0DE9ED9FC838E1 /* juce_audio_formats */ /* juce_audio_formats */ = {isa = PBXFileReference; lastKnownFileType = folder; name = juce_audio_formats; path = ../../../modules/JUCE/modules/juce_audio_formats; sourceTree = SOURCE_ROOT; };
		47587E481B5ADA0FF5E32382 /* Ver_flat_slider.png */ /* Ver_flat_slider.png */ = {isa = PBXFileReference; lastKnownFileType = image.png; name = Ver_flat_slider.png; path = ../../Source/Assets/faders/Ver_flat_slider.png; sourceTree = SOURCE_ROOT; };
		505474777ACD2221BD51CFF4 /* back_vu-meter_decore5.png */ /* back_vu-meter_decore5.png */ = {isa = PBXFileReference; lastKnownFileType = image.png; name = "back_vu-meter_decore5.png"; path = "../../Source/Assets/vu-meter/back_vu-meter_decore5.png"; sourceTree = SOURCE_ROOT; };
		524539899DC734BC9701D612 /* include_juce_gui_basics.mm */ /* include_juce_gui_basics.mm */ = {isa = PBXFileReference; lastKnownFileType = sourcecode.cpp.objcpp; name = include_juce_gui_basics.mm; path = ../../JuceLibraryCode/include_juce_gui_basics.mm; sourceTree = SOURCE_ROOT; };
		5312B3BC55DD549396483A38 /* include_juce_audio_plugin_client_AU_2.mm */ /* include_juce_audio_plugin_client_AU_2.mm */ = {isa = PBXFileReference; lastKnownFileType = sourcecode.cpp.objcpp; name = include_juce_audio_plugin_client_AU_2.mm; path = ../../JuceLibraryCode/include_juce_audio_plugin_client_AU_2.mm; sourceTree = SOURCE_ROOT; };
		552616EC6E04DFE1AB5BCD40 /* Knob_10.png */ /* Knob_10.png */ = {isa = PBXFileReference; lastKnownFileType = image.png; name = Knob_10.png; path = ../../Source/Assets/knobs/Knob_10.png; sourceTree = SOURCE_ROOT; };
		587103C70D660BC2B414BF8B /* BinaryData3.cpp */ /* BinaryData3.cpp */ = {isa = PBXFileReference; lastKnownFileType = sourcecode.cpp.cpp; name = BinaryData3.cpp; path = ../../JuceLibraryCode/BinaryData3.cpp; sourceTree = SOURCE_ROOT; };
		5A2452A9083B7C6043A28A6F /* QuartzCore.framework */ /* QuartzCore.framework */ = {isa = PBXFileReference; lastKnownFileType = wrapper.framework; name = QuartzCore.framework; path = System/Library/Frameworks/QuartzCore.framework; sourceTree = SDKROOT; };
		5B80453E950E8B9203EBE75B /* include_juce_audio_utils.mm */ /* include_juce_audio_utils.mm */ = {isa = PBXFileReference; lastKnownFileType = sourcecode.cpp.objcpp; name = include_juce_audio_utils.mm; path = ../../JuceLibraryCode/include_juce_audio_utils.mm; sourceTree = SOURCE_ROOT; };
		5BBB195E447C4213F4F457D1 /* juce_audio_processors */ /* juce_audio_processors */ = {isa = PBXFileReference; lastKnownFileType = folder; name = juce_audio_processors; path = ../../../modules/JUCE/modules/juce_audio_processors; sourceTree = SOURCE_ROOT; };
		5CB173E7A173362092E5F9E5 /* Info-Standalone_Plugin.plist */ /* Info-Standalone_Plugin.plist */ = {isa = PBXFileReference; lastKnownFileType = text.plist.xml; name = "Info-Standalone_Plugin.plist"; path = "Info-Standalone_Plugin.plist"; sourceTree = SOURCE_ROOT; };
		5DC19AF147949C1D0E094912 /* juce_gui_extra */ /* juce_gui_extra */ = {isa = PBXFileReference; lastKnownFileType = folder; name = juce_gui_extra; path = ../../../modules/JUCE/modules/juce_gui_extra; sourceTree = SOURCE_ROOT; };
		5E581D7BAAC5F776065D8D8D /* include_juce_audio_plugin_client_utils.cpp */ /* include_juce_audio_plugin_client_utils.cpp */ = {isa = PBXFileReference; lastKnownFileType = sourcecode.cpp.cpp; name = include_juce_audio_plugin_client_utils.cpp; path = ../../JuceLibraryCode/include_juce_audio_plugin_client_utils.cpp; sourceTree = SOURCE_ROOT; };
		6156B13267CF25BD7C284A11 /* include_juce_dsp.mm */ /* include_juce_dsp.mm */ = {isa = PBXFileReference; lastKnownFileType = sourcecode.cpp.objcpp; name = include_juce_dsp.mm; path = ../../JuceLibraryCode/include_juce_dsp.mm; sourceTree = SOURCE_ROOT; };
		62BFE58843A09D4DD881C937 /* juce_dsp */ /* juce_dsp */ = {isa = PBXFileReference; lastKnownFileType = folder; name = juce_dsp; path = ../../../modules/JUCE/modules/juce_dsp; sourceTree = SOURCE_ROOT; };
		6334CFF5B9FAFA67317933B1 /* juce_audio_basics */ /* juce_audio_basics */ = {isa = PBXFileReference; lastKnownFileType = folder; name = juce_audio_basics; path = ../../../modules/JUCE/modules/juce_audio_basics; sourceTree = SOURCE_ROOT; };
		655E6904D57CCC0121D78E51 /* Knob_08.png */ /* Knob_08.png */ = {isa = PBXFileReference; lastKnownFileType = image.png; name = Knob_08.png; path = ../../Source/Assets/knobs/Knob_08.png; sourceTree = SOURCE_ROOT; };
		655F5FCE0C9643075E114921 /* include_juce_audio_plugin_client_ARA.cpp */ /* include_juce_audio_plugin_client_ARA.cpp */ = {isa = PBXFileReference; lastKnownFileType = sourcecode.cpp.cpp; name = include_juce_audio_plugin_client_ARA.cpp; path = ../../JuceLibraryCode/include_juce_audio_plugin_client_ARA.cpp; sourceTree = SOURCE_ROOT; };
		67DEDF805EDD9544F8944071 /* CoreAudioKit.framework */ /* CoreAudioKit.framework */ = {isa = PBXFileReference; lastKnownFileType = wrapper.framework; name = CoreAudioKit.framework; path = System/Library/Frameworks/CoreAudioKit.framework; sourceTree = SDKROOT; };
		6DDA793DEF0934F5EB5E021A /* screw.png */ /* screw.png */ = {isa = PBXFileReference; lastKnownFileType = image.png; name = screw.png; path = ../../Source/Assets/decor/screw.png; sourceTree = SOURCE_ROOT; };
		7136A49228F230B6FCBF210F /* CoreMIDI.framework */ /* CoreMIDI.framework */ = {isa = PBXFileReference; lastKnownFileType = wrapper.framework; name = CoreMIDI.framework; path = System/Library/Frameworks/CoreMIDI.framework; sourceTree = SDKROOT; };
		731BE15DDCAD450C615DAADA /* AudioToolbox.framework */ /* AudioToolbox.framework */ = {isa = PBXFileReference; lastKnownFileType = wrapper.framework; name = AudioToolbox.framework; path = System/Library/Frameworks/AudioToolbox.framework; sourceTree = SDKROOT; };
		77162C3F95F99FE929706AA1 /* Foundation.framework */ /* Foundation.framework */ = {isa = PBXFileReference; lastKnownFileType = wrapper.framework; name = Foundation.framework; path = System/Library/Frameworks/Foundation.framework; sourceTree = SDKROOT; };
		79E451041191DD9BA4174A2E /* include_juce_core.mm */ /* include_juce_core.mm */ = {isa = PBXFileReference; lastKnownFileType = sourcecode.cpp.objcpp; name = include_juce_core.mm; path = ../../JuceLibraryCode/include_juce_core.mm; sourceTree = SOURCE_ROOT; };
		7A6AF608298FA72728502C79 /* but_small_rec_on.png */ /* but_small_rec_on.png */ = {isa = PBXFileReference; lastKnownFileType = image.png; name = but_small_rec_on.png; path = ../../Source/Assets/but_small_rec_on.png; sourceTree = SOURCE_ROOT; };
		7E0F24545D296A784532F011 /* juce_graphics */ /* juce_graphics */ = {isa = PBXFileReference; lastKnownFileType = folder; name = juce_graphics; path = ../../../modules/JUCE/modules/juce_graphics; sourceTree = SOURCE_ROOT; };
		805E83BFAE2602869313A78D /* Knob_05.png */ /* Knob_05.png */ = {isa = PBXFileReference; lastKnownFileType = image.png; name = Knob_05.png; path = ../../Source/Assets/knobs/Knob_05.png; sourceTree = SOURCE_ROOT; };
		80F24446CEEEB7A56C73CE39 /* Knob_01.png */ /* Knob_01.png */ = {isa = PBXFileReference; lastKnownFileType = image.png; name = Knob_01.png; path = ../../Source/Assets/knobs/Knob_01.png; sourceTree = SOURCE_ROOT; };
		82903886EEF0364451CBA414 /* Info-VST3.plist */ /* Info-VST3.plist */ = {isa = PBXFileReference; lastKnownFileType = text.plist.xml; name = "Info-VST3.plist"; path = "Info-VST3.plist"; sourceTree = SOURCE_ROOT; };
		8E34E8A6AD0DBB7C5C7A5575 /* include_juce_graphics.mm */ /* include_juce_graphics.mm */ = {isa = PBXFileReference; lastKnownFileType = sourcecode.cpp.objcpp; name = include_juce_graphics.mm; path = ../../JuceLibraryCode/include_juce_graphics.mm; sourceTree = SOURCE_ROOT; };
		98B5881CF085FBD71242FBD6 /* juce_audio_devices */ /* juce_audio_devices */ = {isa = PBXFileReference; lastKnownFileType = folder; name = juce_audio_devices; path = ../../../modules/JUCE/modules/juce_audio_devices; sourceTree = SOURCE_ROOT; };
		9DED3CFB17EAEA40705651B9 /* PluginEditor.h */ /* PluginEditor.h */ = {isa = PBXFileReference; lastKnownFileType = sourcecode.c.h; name = PluginEditor.h; path = ../../Source/PluginEditor.h; sourceTree = SOURCE_ROOT; };
		A10575CD331E5B572A568B0A /* screen.png */ /* screen.png */ = {isa = PBXFileReference; lastKnownFileType = image.png; name = screen.png; path = ../../Source/Assets/screen.png; sourceTree = SOURCE_ROOT; };
		A3281925CE5F687495AE70C9 /* include_juce_audio_processors_lv2_libs.cpp */ /* include_juce_audio_processors_lv2_libs.cpp */ = {isa = PBXFileReference; lastKnownFileType = sourcecode.cpp.cpp; name = include_juce_audio_processors_lv2_libs.cpp; path = ../../JuceLibraryCode/include_juce_audio_processors_lv2_libs.cpp; sourceTree = SOURCE_ROOT; };
		A4871803222B9CAA5AFFAE5C /* juce_core */ /* juce_core */ = {isa = PBXFileReference; lastKnownFileType = folder; name = juce_core; path = ../../../modules/JUCE/modules/juce_core; sourceTree = SOURCE_ROOT; };
		A66A6C79562AE38A82BD44AC /* include_juce_audio_processors_ara.cpp */ /* include_juce_audio_processors_ara.cpp */ = {isa = PBXFileReference; lastKnownFileType = sourcecode.cpp.cpp; name = include_juce_audio_processors_ara.cpp; path = ../../JuceLibraryCode/include_juce_audio_processors_ara.cpp; sourceTree = SOURCE_ROOT; };
		A7C0CB906A3E81F677E9D584 /* BinaryData9.cpp */ /* BinaryData9.cpp */ = {isa = PBXFileReference; lastKnownFileType = sourcecode.cpp.cpp; name = BinaryData9.cpp; path = ../../JuceLibraryCode/BinaryData9.cpp; sourceTree = SOURCE_ROOT; };
		A7D85A0E06E19A3EAA092BF2 /* include_juce_audio_basics.mm */ /* include_juce_audio_basics.mm */ = {isa = PBXFileReference; lastKnownFileType = sourcecode.cpp.objcpp; name = include_juce_audio_basics.mm; path = ../../JuceLibraryCode/include_juce_audio_basics.mm; sourceTree = SOURCE_ROOT; };
		A850547FCE1B5E47E34D1407 /* include_juce_audio_processors.mm */ /* include_juce_audio_processors.mm */ = {isa = PBXFileReference; lastKnownFileType = sourcecode.cpp.objcpp; name = include_juce_audio_processors.mm; path = ../../JuceLibraryCode/include_juce_audio_processors.mm; sourceTree = SOURCE_ROOT; };
		A8A21150303371EF83B4097A /* juce_events */ /* juce_events */ = {isa = PBXFileReference; lastKnownFileType = folder; name = juce_events; path = ../../../modules/JUCE/modules/juce_events; sourceTree = SOURCE_ROOT; };
		A8B5D7D2450E2EF91079AC76 /* Cocoa.framework */ /* Cocoa.framework */ = {isa = PBXFileReference; lastKnownFileType = wrapper.framework; name = Cocoa.framework; path = System/Library/Frameworks/Cocoa.framework; sourceTree = SDKROOT; };
		B12817C7B33A7ED0CF6177D1 /* BinaryData8.cpp */ /* BinaryData8.cpp */ = {isa = PBXFileReference; lastKnownFileType = sourcecode.cpp.cpp; name = BinaryData8.cpp; path = ../../JuceLibraryCode/BinaryData8.cpp; sourceTree = SOURCE_ROOT; };
		B21AC4B56A3AF3206856678B /* Ver_slider.png */ /* Ver_slider.png */ = {isa = PBXFileReference; lastKnownFileType = image.png; name = Ver_slider.png; path = ../../Source/Assets/faders/Ver_slider.png; sourceTree = SOURCE_ROOT; };
		B2AE46343CD0F9DCB9049CC5 /* AudioUnit.framework */ /* AudioUnit.framework */ = {isa = PBXFileReference; lastKnownFileType = wrapper.framework; name = AudioUnit.framework; path = System/Library/Frameworks/AudioUnit.framework; sourceTree = SDKROOT; };
		B310EA6679ADB3D83D0971C7 /* VST3 */ = {isa = PBXFileReference; explicitFileType = wrapper.cfbundle; includeInIndex = 0; path = "viator-graphic-eq.vst3"; sourceTree = BUILT_PRODUCTS_DIR; };
		BA0B657176ABC3E53FF1820D /* include_juce_audio_plugin_client_VST_utils.mm */ /* include_juce_audio_plugin_client_VST_utils.mm */ = {isa = PBXFileReference; lastKnownFileType = sourcecode.cpp.objcpp; name = include_juce_audio_plugin_client_VST_utils.mm; path = ../../JuceLibraryCode/include_juce_audio_plugin_client_VST_utils.mm; sourceTree = SOURCE_ROOT; };
		BA643C48DB2F0099B0BC53BE /* Knob_06.png */ /* Knob_06.png */ = {isa = PBXFileReference; lastKnownFileType = image.png; name = Knob_06.png; path = ../../Source/Assets/knobs/Knob_06.png; sourceTree = SOURCE_ROOT; };
		BA672990B0A4BC8E30661257 /* Standalone Plugin */ = {isa = PBXFileReference; explicitFileType = wrapper.application; includeInIndex = 0; path = "viator-graphic-eq.app"; sourceTree = BUILT_PRODUCTS_DIR; };
		BAA71D6015BA6732BE4A0EDB /* include_juce_audio_plugin_client_Standalone.cpp */ /* include_juce_audio_plugin_client_Standalone.cpp */ = {isa = PBXFileReference; lastKnownFileType = sourcecode.cpp.cpp; name = include_juce_audio_plugin_client_Standalone.cpp; path = ../../JuceLibraryCode/include_juce_audio_plugin_client_Standalone.cpp; sourceTree = SOURCE_ROOT; };
		C01457F0DD74BB2AA8F272F3 /* Knob_09.png */ /* Knob_09.png */ = {isa = PBXFileReference; lastKnownFileType = image.png; name = Knob_09.png; path = ../../Source/Assets/knobs/Knob_09.png; sourceTree = SOURCE_ROOT; };
		C5F12A2BC8FEC21F35709537 /* AU */ = {isa = PBXFileReference; explicitFileType = wrapper.cfbundle; includeInIndex = 0; path = "viator-graphic-eq.component"; sourceTree = BUILT_PRODUCTS_DIR; };
		CD8189AD686FCFA28415C2C8 /* PluginEditor.cpp */ /* PluginEditor.cpp */ = {isa = PBXFileReference; lastKnownFileType = sourcecode.cpp.cpp; name = PluginEditor.cpp; path = ../../Source/PluginEditor.cpp; sourceTree = SOURCE_ROOT; };
		CE1B2CD058EE09686965A3AE /* PluginProcessor.cpp */ /* PluginProcessor.cpp */ = {isa = PBXFileReference; lastKnownFileType = sourcecode.cpp.cpp; name = PluginProcessor.cpp; path = ../../Source/PluginProcessor.cpp; sourceTree = SOURCE_ROOT; };
		CE42058863A927978D92D7CC /* vu_meter.png */ /* vu_meter.png */ = {isa = PBXFileReference; lastKnownFileType = image.png; name = vu_meter.png; path = "../../Source/Assets/vu-meter/vu_meter.png"; sourceTree = SOURCE_ROOT; };
		D1B5F2F9B618FC03020BA1C3 /* BinaryData5.cpp */ /* BinaryData5.cpp */ = {isa = PBXFileReference; lastKnownFileType = sourcecode.cpp.cpp; name = BinaryData5.cpp; path = ../../JuceLibraryCode/BinaryData5.cpp; sourceTree = SOURCE_ROOT; };
		D23D3DE8F07413FF81F58F2A /* include_juce_audio_plugin_client_VST3.cpp */ /* include_juce_audio_plugin_client_VST3.cpp */ = {isa = PBXFileReference; lastKnownFileType = sourcecode.cpp.cpp; name = include_juce_audio_plugin_client_VST3.cpp; path = ../../JuceLibraryCode/include_juce_audio_plugin_client_VST3.cpp; sourceTree = SOURCE_ROOT; };
		D4A8C01824BD6B58BDB85759 /* include_juce_gui_extra.mm */ /* include_juce_gui_extra.mm */ = {isa = PBXFileReference; lastKnownFileType = sourcecode.cpp.objcpp; name = include_juce_gui_extra.mm; path = ../../JuceLibraryCode/include_juce_gui_extra.mm; sourceTree = SOURCE_ROOT; };
		D693F7A2392CE86ECCB96C52 /* back_a.png */ /* back_a.png */ = {isa = PBXFileReference; lastKnownFileType = image.png; name = back_a.png; path = ../../Source/Assets/back_a.png; sourceTree = SOURCE_ROOT; };
		D73A39FF6DA189B5140F7037 /* juce_audio_plugin_client */ /* juce_audio_plugin_client */ = {isa = PBXFileReference; lastKnownFileType = folder; name = juce_audio_plugin_client; path = ../../../modules/JUCE/modules/juce_audio_plugin_client; sourceTree = SOURCE_ROOT; };
		D914C7BF15D2E68E07CDD4F3 /* DiscRecording.framework */ /* DiscRecording.framework */ = {isa = PBXFileReference; lastKnownFileType = wrapper.framework; name = DiscRecording.framework; path = System/Library/Frameworks/DiscRecording.framework; sourceTree = SDKROOT; };
		D9F8C59C1E48088E04D65153 /* BinaryData.cpp */ /* BinaryData.cpp */ = {isa = PBXFileReference; lastKnownFileType = sourcecode.cpp.cpp; name = BinaryData.cpp; path = ../../JuceLibraryCode/BinaryData.cpp; sourceTree = SOURCE_ROOT; };
		DA32569EBA5F13F43EBC4C38 /* but_small_rec_off.png */ /* but_small_rec_off.png */ = {isa = PBXFileReference; lastKnownFileType = image.png; name = but_small_rec_off.png; path = ../../Source/Assets/but_small_rec_off.png; sourceTree = SOURCE_ROOT; };
		DC4BE0A0A30902209489A76C /* Knob_04.png */ /* Knob_04.png */ = {isa = PBXFileReference; lastKnownFileType = image.png; name = Knob_04.png; path = ../../Source/Assets/knobs/Knob_04.png; sourceTree = SOURCE_ROOT; };
		DF463DE3B917ACEB7DDDC7E2 /* BinaryData7.cpp */ /* BinaryData7.cpp */ = {isa = PBXFileReference; lastKnownFileType = sourcecode.cpp.cpp; name = BinaryData7.cpp; path = ../../JuceLibraryCode/BinaryData7.cpp; sourceTree = SOURCE_ROOT; };
		E185797409840A8885506156 /* decor_grid.png */ /* decor_grid.png */ = {isa = PBXFileReference; lastKnownFileType = image.png; name = decor_grid.png; path = ../../Source/Assets/decor/decor_grid.png; sourceTree = SOURCE_ROOT; };
		E5B34B4871DC5947DB19CB6B /* viator_modules */ /* viator_modules */ = {isa = PBXFileReference; lastKnownFileType = folder; name = viator_modules; path = ../../JuceLibraryCode/modules/viator_modules; sourceTree = SOURCE_ROOT; };
		E6A150617CC633D5C457A138 /* include_juce_audio_devices.mm */ /* include_juce_audio_devices.mm */ = {isa = PBXFileReference; lastKnownFileType = sourcecode.cpp.objcpp; name = include_juce_audio_devices.mm; path = ../../JuceLibraryCode/include_juce_audio_devices.mm; sourceTree = SOURCE_ROOT; };
		E9FC0E5CCD23CAC16950E4AA /* IOKit.framework */ /* IOKit.framework */ = {isa = PBXFileReference; lastKnownFileType = wrapper.framework; name = IOKit.framework; path = System/Library/Frameworks/IOKit.framework; sourceTree = SDKROOT; };
		EB5191D7D247B5502C74532E /* juce_audio_utils */ /* juce_audio_utils */ = {isa = PBXFileReference; lastKnownFileType = folder; name = juce_audio_utils; path = ../../../modules/JUCE/modules/juce_audio_utils; sourceTree = SOURCE_ROOT; };
		EC289C59A1D3875F4DC9D882 /* include_juce_audio_formats.mm */ /* include_juce_audio_formats.mm */ = {isa = PBXFileReference; lastKnownFileType = sourcecode.cpp.objcpp; name = include_juce_audio_formats.mm; path = ../../JuceLibraryCode/include_juce_audio_formats.mm; sourceTree = SOURCE_ROOT; };
		ED4026E60C15EC45082EC950 /* landon.png */ /* landon.png */ = {isa = PBXFileReference; lastKnownFileType = image.png; name = landon.png; path = ../../Source/Assets/landon.png; sourceTree = SOURCE_ROOT; };
		EDD8D176BB96671D668D5E11 /* JuceHeader.h */ /* JuceHeader.h */ = {isa = PBXFileReference; lastKnownFileType = sourcecode.c.h; name = JuceHeader.h; path = ../../JuceLibraryCode/JuceHeader.h; sourceTree = SOURCE_ROOT; };
		EFACD603F6F5466C009499F3 /* BinaryData4.cpp */ /* BinaryData4.cpp */ = {isa = PBXFileReference; lastKnownFileType = sourcecode.cpp.cpp; name = BinaryData4.cpp; path = ../../JuceLibraryCode/BinaryData4.cpp; sourceTree = SOURCE_ROOT; };
		F33DCEE70735554658A26852 /* RecentFilesMenuTemplate.nib */ /* RecentFilesMenuTemplate.nib */ = {isa = PBXFileReference; lastKnownFileType = file.nib; name = RecentFilesMenuTemplate.nib; path = RecentFilesMenuTemplate.nib; sourceTree = SOURCE_ROOT; };
		F59B13B0560C9AE89219F318 /* CoreAudio.framework */ /* CoreAudio.framework */ = {isa = PBXFileReference; lastKnownFileType = wrapper.framework; name = CoreAudio.framework; path = System/Library/Frameworks/CoreAudio.framework; sourceTree = SDKROOT; };
		F79AA4B5E70E035AF35CF0FB /* LED_meter.png */ /* LED_meter.png */ = {isa = PBXFileReference; lastKnownFileType = image.png; name = LED_meter.png; path = ../../Source/Assets/LED_meter.png; sourceTree = SOURCE_ROOT; };
		FEC5F8141CBD283196716540 /* BinaryData2.cpp */ /* BinaryData2.cpp */ = {isa = PBXFileReference; lastKnownFileType = sourcecode.cpp.cpp; name = BinaryData2.cpp; path = ../../JuceLibraryCode/BinaryData2.cpp; sourceTree = SOURCE_ROOT; };
/* End PBXFileReference section */

/* Begin PBXFrameworksBuildPhase section */
		09EE5012A4422183E68BDDF7 = {
			isa = PBXFrameworksBuildPhase;
			buildActionMask = 2147483647;
			files = (
				35300370312391D9F8A7597E,
				F7D5C95B7A9BD316BA70BD7A,
				39F5B00ED853114DB09AB96D,
				17C9474101E386C3D164B080,
				3A4CFE390CA3ED54AD7813ED,
				8A1AB08F9CD5A2D0CA5E415D,
				E8E7B3B950342A3F55A31885,
				FAD81BDD8A82D9928BA31100,
				252E5987B50A56711D0EAB5E,
				1103C5CC527ED845C5016946,
				81902E32957E4F31BFD08696,
				3F6C8B454815A57C48E1F6FE,
			);
			runOnlyForDeploymentPostprocessing = 0;
		};
		7A6AA5BCC06C6F20E60A9B76 = {
			isa = PBXFrameworksBuildPhase;
			buildActionMask = 2147483647;
			files = (
				F7D5C95B7A9BD316BA70BD7A,
				39F5B00ED853114DB09AB96D,
				17C9474101E386C3D164B080,
				3A4CFE390CA3ED54AD7813ED,
				8A1AB08F9CD5A2D0CA5E415D,
				E8E7B3B950342A3F55A31885,
				FAD81BDD8A82D9928BA31100,
				252E5987B50A56711D0EAB5E,
				1103C5CC527ED845C5016946,
				81902E32957E4F31BFD08696,
				3F6C8B454815A57C48E1F6FE,
			);
			runOnlyForDeploymentPostprocessing = 0;
		};
		8A1B950CA08A67276A4195C8 = {
			isa = PBXFrameworksBuildPhase;
			buildActionMask = 2147483647;
			files = (
				F7D5C95B7A9BD316BA70BD7A,
				39F5B00ED853114DB09AB96D,
				17C9474101E386C3D164B080,
				3A4CFE390CA3ED54AD7813ED,
				8A1AB08F9CD5A2D0CA5E415D,
				E8E7B3B950342A3F55A31885,
				FAD81BDD8A82D9928BA31100,
				252E5987B50A56711D0EAB5E,
				1103C5CC527ED845C5016946,
				81902E32957E4F31BFD08696,
				3F6C8B454815A57C48E1F6FE,
			);
			runOnlyForDeploymentPostprocessing = 0;
		};
/* End PBXFrameworksBuildPhase section */

/* Begin PBXGroup section */
		01CF830E85A193AB6A0B591D /* JUCE Modules */ = {
			isa = PBXGroup;
			children = (
				6334CFF5B9FAFA67317933B1,
				98B5881CF085FBD71242FBD6,
				44B7A6C4DA0DE9ED9FC838E1,
				D73A39FF6DA189B5140F7037,
				5BBB195E447C4213F4F457D1,
				EB5191D7D247B5502C74532E,
				A4871803222B9CAA5AFFAE5C,
				016B58E29983A5A72C548505,
				62BFE58843A09D4DD881C937,
				A8A21150303371EF83B4097A,
				7E0F24545D296A784532F011,
				30BF03E9B109CDF1CFDA2BA4,
				5DC19AF147949C1D0E094912,
				E5B34B4871DC5947DB19CB6B,
			);
			name = "JUCE Modules";
			sourceTree = "<group>";
		};
		02E1A528C009CA2230CB9E4C /* Source */ = {
			isa = PBXGroup;
			children = (
				A583B0FA7E59466137AB4B9E,
				01CF830E85A193AB6A0B591D,
				50D91A3472AF056F10625914,
				BE40D5AFCB453D15765FC126,
				2ABEDF90A27F399AC212E6A8,
				8915E91AB2A083454B80387B,
			);
			name = Source;
			sourceTree = "<group>";
		};
		0427EBF4AE27432CF1D44CC2 /* faders */ = {
			isa = PBXGroup;
			children = (
				47587E481B5ADA0FF5E32382,
				B21AC4B56A3AF3206856678B,
			);
			name = faders;
			sourceTree = "<group>";
		};
		2ABEDF90A27F399AC212E6A8 /* Frameworks */ = {
			isa = PBXGroup;
			children = (
				B2AE46343CD0F9DCB9049CC5,
				2B2C4B045AF1034CA628615F,
				731BE15DDCAD450C615DAADA,
				A8B5D7D2450E2EF91079AC76,
				F59B13B0560C9AE89219F318,
				67DEDF805EDD9544F8944071,
				7136A49228F230B6FCBF210F,
				D914C7BF15D2E68E07CDD4F3,
				77162C3F95F99FE929706AA1,
				E9FC0E5CCD23CAC16950E4AA,
				5A2452A9083B7C6043A28A6F,
				2E3C7647C430805C86909827,
			);
			name = Frameworks;
			sourceTree = "<group>";
		};
		4DE71F4363F9AB2FC58F89DD /* Assets */ = {
			isa = PBXGroup;
			children = (
				53E73D2155ECF5E2954FEE86,
				0427EBF4AE27432CF1D44CC2,
				55A79CC13B3CBCB89947ACCF,
				F61ADB52890C989BFC3ECA04,
				D693F7A2392CE86ECCB96C52,
				DA32569EBA5F13F43EBC4C38,
				7A6AF608298FA72728502C79,
				ED4026E60C15EC45082EC950,
				F79AA4B5E70E035AF35CF0FB,
				A10575CD331E5B572A568B0A,
			);
			name = Assets;
			sourceTree = "<group>";
		};
		50D91A3472AF056F10625914 /* JUCE Library Code */ = {
			isa = PBXGroup;
			children = (
				D9F8C59C1E48088E04D65153,
				0414C3DEC867E6DEC8B8387C,
				FEC5F8141CBD283196716540,
				587103C70D660BC2B414BF8B,
				EFACD603F6F5466C009499F3,
				D1B5F2F9B618FC03020BA1C3,
				16882376ACF120E20AA21E57,
				DF463DE3B917ACEB7DDDC7E2,
				B12817C7B33A7ED0CF6177D1,
				A7C0CB906A3E81F677E9D584,
				A7D85A0E06E19A3EAA092BF2,
				E6A150617CC633D5C457A138,
				EC289C59A1D3875F4DC9D882,
				655F5FCE0C9643075E114921,
				28D54AA38E66B39F2C84331E,
				5312B3BC55DD549396483A38,
				BAA71D6015BA6732BE4A0EDB,
				5E581D7BAAC5F776065D8D8D,
				BA0B657176ABC3E53FF1820D,
				D23D3DE8F07413FF81F58F2A,
				A850547FCE1B5E47E34D1407,
				A66A6C79562AE38A82BD44AC,
				A3281925CE5F687495AE70C9,
				5B80453E950E8B9203EBE75B,
				79E451041191DD9BA4174A2E,
				26B8E40DFDDEDF545831FCCA,
				6156B13267CF25BD7C284A11,
				239802210411660B95F85CCE,
				8E34E8A6AD0DBB7C5C7A5575,
				524539899DC734BC9701D612,
				D4A8C01824BD6B58BDB85759,
				0650EC60AAF6A1F5C305F35A,
				EDD8D176BB96671D668D5E11,
				0FC4641A167F9FE27A286568,
			);
			name = "JUCE Library Code";
			sourceTree = "<group>";
		};
		53E73D2155ECF5E2954FEE86 /* decor */ = {
			isa = PBXGroup;
			children = (
				E185797409840A8885506156,
				6DDA793DEF0934F5EB5E021A,
			);
			name = decor;
			sourceTree = "<group>";
		};
		55A79CC13B3CBCB89947ACCF /* knobs */ = {
			isa = PBXGroup;
			children = (
				80F24446CEEEB7A56C73CE39,
				2BA1C7751192137D9C273F28,
				3F93958133DD2B8F4E77C0AD,
				DC4BE0A0A30902209489A76C,
				805E83BFAE2602869313A78D,
				BA643C48DB2F0099B0BC53BE,
				3DF949F621337625A1596932,
				655E6904D57CCC0121D78E51,
				C01457F0DD74BB2AA8F272F3,
				552616EC6E04DFE1AB5BCD40,
			);
			name = knobs;
			sourceTree = "<group>";
		};
		8915E91AB2A083454B80387B /* Products */ = {
			isa = PBXGroup;
			children = (
				B310EA6679ADB3D83D0971C7,
				C5F12A2BC8FEC21F35709537,
				BA672990B0A4BC8E30661257,
				071FF6D3DA24D1192B1D132E,
			);
			name = Products;
			sourceTree = "<group>";
		};
		9B538862335F0E01EC9B19C9 /* Source */ = {
			isa = PBXGroup;
			children = (
				4DE71F4363F9AB2FC58F89DD,
				CE1B2CD058EE09686965A3AE,
				114B8D75D5161353DE3F5ACC,
				CD8189AD686FCFA28415C2C8,
				9DED3CFB17EAEA40705651B9,
			);
			name = Source;
			sourceTree = "<group>";
		};
		A583B0FA7E59466137AB4B9E /* viator-graphic-eq */ = {
			isa = PBXGroup;
			children = (
				9B538862335F0E01EC9B19C9,
			);
			name = "viator-graphic-eq";
			sourceTree = "<group>";
		};
		BE40D5AFCB453D15765FC126 /* Resources */ = {
			isa = PBXGroup;
			children = (
				82903886EEF0364451CBA414,
				284D9D242543C3FEF61D9983,
				5CB173E7A173362092E5F9E5,
				F33DCEE70735554658A26852,
			);
			name = Resources;
			sourceTree = "<group>";
		};
		F61ADB52890C989BFC3ECA04 /* vu-meter */ = {
			isa = PBXGroup;
			children = (
				505474777ACD2221BD51CFF4,
				2A8ACEC6EDDB8502AF2CEDD1,
				067AE9D66B62C2D0C175BBDF,
				CE42058863A927978D92D7CC,
			);
			name = "vu-meter";
			sourceTree = "<group>";
		};
/* End PBXGroup section */

/* Begin PBXNativeTarget section */
		AB64E8976581A7F707324D28 /* viator-graphic-eq - AU */ = {
			isa = PBXNativeTarget;
			buildConfigurationList = 71A95A4297C51A5002DF5FEE;
			buildPhases = (
				19FA65C774502EB0367F23BD,
				BF5F4DED84545F009EE9D140,
				09EE5012A4422183E68BDDF7,
			);
			buildRules = (
			);
			dependencies = (
				721508E027628B2AC61AD594,
			);
			name = "viator-graphic-eq - AU";
			productName = "viator-graphic-eq";
			productReference = C5F12A2BC8FEC21F35709537;
			productType = "com.apple.product-type.bundle";
		};
		C730CC7287D62A21CD5CDC58 /* viator-graphic-eq - VST3 */ = {
			isa = PBXNativeTarget;
			buildConfigurationList = 60B011547D8DD80AB9BC2272;
			buildPhases = (
				E32F8F9F8B5494E97A3DFBE4,
				212C4D94D414F851115FEC43,
				8A1B950CA08A67276A4195C8,
			);
			buildRules = (
			);
			dependencies = (
				64167B8A9A5670042C01FE12,
			);
			name = "viator-graphic-eq - VST3";
			productName = "viator-graphic-eq";
			productReference = B310EA6679ADB3D83D0971C7;
			productType = "com.apple.product-type.bundle";
		};
		F541D092D74C80B2C5EE668F /* viator-graphic-eq - Shared Code */ = {
			isa = PBXNativeTarget;
			buildConfigurationList = 4A2CD13AB693A89EC688D9E3;
			buildPhases = (
				518879DCB0C3B79A34A93777,
			);
			buildRules = (
			);
			dependencies = (
			);
			name = "viator-graphic-eq - Shared Code";
			productName = "viator-graphic-eq";
			productReference = 071FF6D3DA24D1192B1D132E;
			productType = "com.apple.product-type.library.static";
		};
		F5D7C1EF4B2A8A82AC75B8AB /* viator-graphic-eq - Standalone Plugin */ = {
			isa = PBXNativeTarget;
			buildConfigurationList = 80389F1CEEF01BE421D4C045;
			buildPhases = (
				182E3352A7929C862519CE9B,
				073EE4AE887DFC6EE85783E3,
				7A6AA5BCC06C6F20E60A9B76,
			);
			buildRules = (
			);
			dependencies = (
				435E63359C4B271FEE14DC80,
			);
			name = "viator-graphic-eq - Standalone Plugin";
			productName = "viator-graphic-eq";
			productReference = BA672990B0A4BC8E30661257;
			productType = "com.apple.product-type.application";
		};
/* End PBXNativeTarget section */

/* Begin PBXProject section */
		0618B66A77A36AF42FB4494D = {
			isa = PBXProject;
			attributes = {
				LastUpgradeCheck = 1340;
				ORGANIZATIONNAME = "Viator DSP";
				TargetAttributes = {
					AB64E8976581A7F707324D28 = {
						SystemCapabilities = {
							com.apple.ApplicationGroups.iOS = {
								enabled = 0;
							};
							com.apple.HardenedRuntime = {
								enabled = 0;
							};
							com.apple.InAppPurchase = {
								enabled = 0;
							};
							com.apple.InterAppAudio = {
								enabled = 0;
							};
							com.apple.Push = {
								enabled = 0;
							};
							com.apple.Sandbox = {
								enabled = 0;
							};
						};
					};
					B12CE556D30F746F8DA40E13 = {
						SystemCapabilities = {
							com.apple.ApplicationGroups.iOS = {
								enabled = 0;
							};
							com.apple.HardenedRuntime = {
								enabled = 0;
							};
							com.apple.InAppPurchase = {
								enabled = 0;
							};
							com.apple.InterAppAudio = {
								enabled = 0;
							};
							com.apple.Push = {
								enabled = 0;
							};
							com.apple.Sandbox = {
								enabled = 0;
							};
						};
					};
					C730CC7287D62A21CD5CDC58 = {
						SystemCapabilities = {
							com.apple.ApplicationGroups.iOS = {
								enabled = 0;
							};
							com.apple.HardenedRuntime = {
								enabled = 0;
							};
							com.apple.InAppPurchase = {
								enabled = 0;
							};
							com.apple.InterAppAudio = {
								enabled = 0;
							};
							com.apple.Push = {
								enabled = 0;
							};
							com.apple.Sandbox = {
								enabled = 0;
							};
						};
					};
					F541D092D74C80B2C5EE668F = {
						SystemCapabilities = {
							com.apple.ApplicationGroups.iOS = {
								enabled = 0;
							};
							com.apple.HardenedRuntime = {
								enabled = 0;
							};
							com.apple.InAppPurchase = {
								enabled = 0;
							};
							com.apple.InterAppAudio = {
								enabled = 0;
							};
							com.apple.Push = {
								enabled = 0;
							};
							com.apple.Sandbox = {
								enabled = 0;
							};
						};
					};
					F5D7C1EF4B2A8A82AC75B8AB = {
						SystemCapabilities = {
							com.apple.ApplicationGroups.iOS = {
								enabled = 0;
							};
							com.apple.HardenedRuntime = {
								enabled = 0;
							};
							com.apple.InAppPurchase = {
								enabled = 0;
							};
							com.apple.InterAppAudio = {
								enabled = 0;
							};
							com.apple.Push = {
								enabled = 0;
							};
							com.apple.Sandbox = {
								enabled = 0;
							};
						};
					};
				};
			};
			buildConfigurationList = 92ACFE51C7E8F18C2E824C6D;
			compatibilityVersion = "Xcode 3.2";
			hasScannedForEncodings = 0;
			knownRegions = (
				en,
				Base,
			);
			mainGroup = 02E1A528C009CA2230CB9E4C;
			projectDirPath = "";
			projectRoot = "";
			targets = (
				B12CE556D30F746F8DA40E13,
				C730CC7287D62A21CD5CDC58,
				AB64E8976581A7F707324D28,
				F5D7C1EF4B2A8A82AC75B8AB,
				F541D092D74C80B2C5EE668F,
			);
		};
/* End PBXProject section */

/* Begin PBXResourcesBuildPhase section */
		182E3352A7929C862519CE9B = {
			isa = PBXResourcesBuildPhase;
			buildActionMask = 2147483647;
			files = (
				D193FD63C44B9D98E4B0554A,
			);
			runOnlyForDeploymentPostprocessing = 0;
		};
		19FA65C774502EB0367F23BD = {
			isa = PBXResourcesBuildPhase;
			buildActionMask = 2147483647;
			files = (
				D193FD63C44B9D98E4B0554A,
			);
			runOnlyForDeploymentPostprocessing = 0;
		};
		E32F8F9F8B5494E97A3DFBE4 = {
			isa = PBXResourcesBuildPhase;
			buildActionMask = 2147483647;
			files = (
				D193FD63C44B9D98E4B0554A,
			);
			runOnlyForDeploymentPostprocessing = 0;
		};
/* End PBXResourcesBuildPhase section */

/* Begin PBXSourcesBuildPhase section */
		073EE4AE887DFC6EE85783E3 = {
			isa = PBXSourcesBuildPhase;
			buildActionMask = 2147483647;
			files = (
				7759D9C117CA0478145FFB82,
			);
			runOnlyForDeploymentPostprocessing = 0;
		};
		212C4D94D414F851115FEC43 = {
			isa = PBXSourcesBuildPhase;
			buildActionMask = 2147483647;
			files = (
				CC3CF378FC7A56492AC3CBFC,
			);
			runOnlyForDeploymentPostprocessing = 0;
		};
		518879DCB0C3B79A34A93777 = {
			isa = PBXSourcesBuildPhase;
			buildActionMask = 2147483647;
			files = (
				C6C07BE293EAB71A2502FD66,
				0F2EA77E7B78F026F0B4133A,
				1A91773C3D8DBA0F5BD5B85D,
				74AC9C227A4A047FC673BC8E,
				FE2EC9F1E492CEBBB70D2505,
				AF36B749399952E637DEE32B,
				0DD18A232BA9443438CAB253,
				88139CF106D69DAD0F89BB75,
				6316935F087BD3EB7F7E3E18,
				946650A7E0DA59E2170577B0,
				2AC1F34B49EB80091218F30C,
				E41277C4528B6E3A65C6DCF7,
				25B4DE6D0D4D798A5ACCFBF1,
				BB3575B1CF5B3A386E95A53A,
				90B0EB1902CCDCF15139B04B,
				CFCC8BD2DD413AC67E06C566,
				BADDD77569A96C68A21D8851,
				A3BC1CBD503CE04B938231D5,
				6B36FC1206E172D2AC06EDCA,
				F97131A6E85F67773045EC85,
				270DE87016686F166E76C606,
				0A4F57AB02867A0BF03515EB,
				E828072215D9873E5F427120,
				C2E4C677D8BFDDE3F53ECF1E,
				39C04D2F17C9AFE7280D6996,
				587FD4D6893EF0CEF3B163BF,
				91470C250BC7C1CBB1D132FB,
				5B4CC8652836549807929DE2,
				E760331E167E2BE010B9B97D,
			);
			runOnlyForDeploymentPostprocessing = 0;
		};
		BF5F4DED84545F009EE9D140 = {
			isa = PBXSourcesBuildPhase;
			buildActionMask = 2147483647;
			files = (
				04DE073E75CF9BB77397D9D3,
				27BE1F69004925B23CFB4AA7,
			);
			runOnlyForDeploymentPostprocessing = 0;
		};
/* End PBXSourcesBuildPhase section */

/* Begin PBXTargetDependency section */
		25A8EAA5E0F6FB3D7B52F453 = {
			isa = PBXTargetDependency;
			target = AB64E8976581A7F707324D28;
		};
		3D240696A51EE4EFCC6B430E = {
			isa = PBXTargetDependency;
			target = F5D7C1EF4B2A8A82AC75B8AB;
		};
		435E63359C4B271FEE14DC80 = {
			isa = PBXTargetDependency;
			target = F541D092D74C80B2C5EE668F;
		};
		64167B8A9A5670042C01FE12 = {
			isa = PBXTargetDependency;
			target = F541D092D74C80B2C5EE668F;
		};
		721508E027628B2AC61AD594 = {
			isa = PBXTargetDependency;
			target = F541D092D74C80B2C5EE668F;
		};
		A8989E5CF770E092583B9819 = {
			isa = PBXTargetDependency;
			target = F541D092D74C80B2C5EE668F;
		};
		AC5066F244BA2410217E2C00 = {
			isa = PBXTargetDependency;
			target = C730CC7287D62A21CD5CDC58;
		};
/* End PBXTargetDependency section */

/* Begin XCBuildConfiguration section */
		2DB62C51C4CCFDFD24427932 /* Debug */ = {
			isa = XCBuildConfiguration;
			buildSettings = {
				MACOSX_DEPLOYMENT_TARGET = 10.13;
				SDKROOT = macosx;
			};
			name = Debug;
		};
		4D7BE00F7A68759E02C64480 /* Release */ = {
			isa = XCBuildConfiguration;
			buildSettings = {
				CLANG_CXX_LANGUAGE_STANDARD = "c++17";
				CLANG_CXX_LIBRARY = "libc++";
				CLANG_LINK_OBJC_RUNTIME = NO;
				COMBINE_HIDPI_IMAGES = YES;
				CONFIGURATION_BUILD_DIR = "$(PROJECT_DIR)/build/$(CONFIGURATION)";
				DEAD_CODE_STRIPPING = YES;
				EXCLUDED_ARCHS = "";
				GCC_GENERATE_DEBUGGING_SYMBOLS = NO;
				GCC_OPTIMIZATION_LEVEL = 3;
				GCC_PREPROCESSOR_DEFINITIONS = (
					"_NDEBUG=1",
					"NDEBUG=1",
					"JUCE_DISPLAY_SPLASH_SCREEN=0",
					"JUCE_USE_DARK_SPLASH_SCREEN=1",
					"JUCE_PROJUCER_VERSION=0x70005",
					"JUCE_MODULE_AVAILABLE_juce_audio_basics=1",
					"JUCE_MODULE_AVAILABLE_juce_audio_devices=1",
					"JUCE_MODULE_AVAILABLE_juce_audio_formats=1",
					"JUCE_MODULE_AVAILABLE_juce_audio_plugin_client=1",
					"JUCE_MODULE_AVAILABLE_juce_audio_processors=1",
					"JUCE_MODULE_AVAILABLE_juce_audio_utils=1",
					"JUCE_MODULE_AVAILABLE_juce_core=1",
					"JUCE_MODULE_AVAILABLE_juce_data_structures=1",
					"JUCE_MODULE_AVAILABLE_juce_dsp=1",
					"JUCE_MODULE_AVAILABLE_juce_events=1",
					"JUCE_MODULE_AVAILABLE_juce_graphics=1",
					"JUCE_MODULE_AVAILABLE_juce_gui_basics=1",
					"JUCE_MODULE_AVAILABLE_juce_gui_extra=1",
					"JUCE_MODULE_AVAILABLE_viator_modules=1",
					"JUCE_GLOBAL_MODULE_SETTINGS_INCLUDED=1",
					"JUCE_VST3_CAN_REPLACE_VST2=0",
					"JUCE_STRICT_REFCOUNTEDPOINTER=1",
					"JucePlugin_Build_VST=0",
					"JucePlugin_Build_VST3=0",
					"JucePlugin_Build_AU=0",
					"JucePlugin_Build_AUv3=0",
					"JucePlugin_Build_AAX=0",
					"JucePlugin_Build_Standalone=1",
					"JucePlugin_Build_Unity=0",
					"JucePlugin_Build_LV2=0",
					"JucePlugin_Enable_IAA=0",
					"JucePlugin_Enable_ARA=0",
					"JucePlugin_Name=\\\"Graphic\\ EQ\\\"",
					"JucePlugin_Desc=\\\"viator-graphic-eq\\\"",
					"JucePlugin_Manufacturer=\\\"Viator\\ DSP\\\"",
					"JucePlugin_ManufacturerWebsite=\\\"www.ViatorDSP.com\\\"",
					"JucePlugin_ManufacturerEmail=\\\"\\\"",
					"JucePlugin_ManufacturerCode=0x4d616e75",
					"JucePlugin_PluginCode=0x476d7164",
					"JucePlugin_IsSynth=0",
					"JucePlugin_WantsMidiInput=0",
					"JucePlugin_ProducesMidiOutput=0",
					"JucePlugin_IsMidiEffect=0",
					"JucePlugin_EditorRequiresKeyboardFocus=0",
					"JucePlugin_Version=1.0.0",
					"JucePlugin_VersionCode=0x10000",
					"JucePlugin_VersionString=\\\"1.0.0\\\"",
					"JucePlugin_VSTUniqueID=JucePlugin_PluginCode",
					"JucePlugin_VSTCategory=kPlugCategEffect",
					"JucePlugin_Vst3Category=\\\"Fx\\\"",
					"JucePlugin_AUMainType=\\'aufx\\'",
					"JucePlugin_AUSubType=JucePlugin_PluginCode",
					"JucePlugin_AUExportPrefix=viatorgraphiceqAU",
					"JucePlugin_AUExportPrefixQuoted=\\\"viatorgraphiceqAU\\\"",
					"JucePlugin_AUManufacturerCode=JucePlugin_ManufacturerCode",
					"JucePlugin_CFBundleIdentifier=com.ViatorDSP.viatorgraphiceq",
					"JucePlugin_AAXIdentifier=com.ViatorDSP.viatorgraphiceq",
					"JucePlugin_AAXManufacturerCode=JucePlugin_ManufacturerCode",
					"JucePlugin_AAXProductId=JucePlugin_PluginCode",
					"JucePlugin_AAXCategory=0",
					"JucePlugin_AAXDisableBypass=0",
					"JucePlugin_AAXDisableMultiMono=0",
					"JucePlugin_IAAType=0x61757278",
					"JucePlugin_IAASubType=JucePlugin_PluginCode",
					"JucePlugin_IAAName=\\\"Viator\\ DSP:\\ Graphic\\ EQ\\\"",
					"JucePlugin_VSTNumMidiInputs=16",
					"JucePlugin_VSTNumMidiOutputs=16",
					"JucePlugin_ARAContentTypes=0",
					"JucePlugin_ARATransformationFlags=0",
					"JucePlugin_ARAFactoryID=\\\"com.ViatorDSP.viatorgraphiceq.factory\\\"",
					"JucePlugin_ARADocumentArchiveID=\\\"com.ViatorDSP.viatorgraphiceq.aradocumentarchive.1.0.0\\\"",
					"JucePlugin_ARACompatibleArchiveIDs=\\\"\\\"",
					"JUCE_STANDALONE_APPLICATION=JucePlugin_Build_Standalone",
					"JUCER_XCODE_MAC_F6D2F4CF=1",
					"JUCE_APP_VERSION=1.0.0",
					"JUCE_APP_VERSION_HEX=0x10000",
				);
				GCC_VERSION = com.apple.compilers.llvm.clang.1_0;
				HEADER_SEARCH_PATHS = (
					"$(SRCROOT)/../../../modules/JUCE/modules/juce_audio_processors/format_types/VST3_SDK",
					"$(SRCROOT)/../../JuceLibraryCode",
					"$(SRCROOT)/../../../modules/JUCE/modules",
					"$(SRCROOT)/../../JuceLibraryCode/modules",
					"$(SRCROOT)/../../../modules/JUCE/modules/juce_audio_plugin_client/AU",
					"$(inherited)",
				);
				INFOPLIST_FILE = Info-Standalone_Plugin.plist;
				INFOPLIST_PREPROCESS = NO;
				LLVM_LTO = YES;
				MACOSX_DEPLOYMENT_TARGET = 10.13;
				MTL_HEADER_SEARCH_PATHS = "$(SRCROOT)/../../../modules/JUCE/modules/juce_audio_processors/format_types/VST3_SDK $(SRCROOT)/../../JuceLibraryCode $(SRCROOT)/../../../modules/JUCE/modules $(SRCROOT)/../../JuceLibraryCode/modules $(SRCROOT)/../../../modules/JUCE/modules/juce_audio_plugin_client/AU";
				OTHER_LDFLAGS = "-lviator-graphic-eq -weak_framework Metal -weak_framework MetalKit";
				PRODUCT_BUNDLE_IDENTIFIER = com.ViatorDSP.viatorgraphiceq;
				PRODUCT_NAME = "viator-graphic-eq";
				USE_HEADERMAP = NO;
				VALID_ARCHS = "i386 x86_64 arm64 arm64e";
			};
			name = Release;
		};
		5E7515767D28BE4273FD852E /* Release */ = {
			isa = XCBuildConfiguration;
			buildSettings = {
				MACOSX_DEPLOYMENT_TARGET = 10.13;
				SDKROOT = macosx;
			};
			name = Release;
		};
		60488C07CD08B2FF17AB8FFB /* Release */ = {
			isa = XCBuildConfiguration;
			buildSettings = {
				CLANG_CXX_LANGUAGE_STANDARD = "c++17";
				CLANG_CXX_LIBRARY = "libc++";
				CLANG_LINK_OBJC_RUNTIME = NO;
				COMBINE_HIDPI_IMAGES = YES;
				CONFIGURATION_BUILD_DIR = "$(PROJECT_DIR)/build/$(CONFIGURATION)";
				DEAD_CODE_STRIPPING = YES;
				EXCLUDED_ARCHS = "";
				GCC_GENERATE_DEBUGGING_SYMBOLS = NO;
				GCC_OPTIMIZATION_LEVEL = 3;
				GCC_PREPROCESSOR_DEFINITIONS = (
					"_NDEBUG=1",
					"NDEBUG=1",
					"JUCE_DISPLAY_SPLASH_SCREEN=0",
					"JUCE_USE_DARK_SPLASH_SCREEN=1",
					"JUCE_PROJUCER_VERSION=0x70005",
					"JUCE_MODULE_AVAILABLE_juce_audio_basics=1",
					"JUCE_MODULE_AVAILABLE_juce_audio_devices=1",
					"JUCE_MODULE_AVAILABLE_juce_audio_formats=1",
					"JUCE_MODULE_AVAILABLE_juce_audio_plugin_client=1",
					"JUCE_MODULE_AVAILABLE_juce_audio_processors=1",
					"JUCE_MODULE_AVAILABLE_juce_audio_utils=1",
					"JUCE_MODULE_AVAILABLE_juce_core=1",
					"JUCE_MODULE_AVAILABLE_juce_data_structures=1",
					"JUCE_MODULE_AVAILABLE_juce_dsp=1",
					"JUCE_MODULE_AVAILABLE_juce_events=1",
					"JUCE_MODULE_AVAILABLE_juce_graphics=1",
					"JUCE_MODULE_AVAILABLE_juce_gui_basics=1",
					"JUCE_MODULE_AVAILABLE_juce_gui_extra=1",
					"JUCE_MODULE_AVAILABLE_viator_modules=1",
					"JUCE_GLOBAL_MODULE_SETTINGS_INCLUDED=1",
					"JUCE_VST3_CAN_REPLACE_VST2=0",
					"JUCE_STRICT_REFCOUNTEDPOINTER=1",
					"JucePlugin_Build_VST=0",
					"JucePlugin_Build_VST3=1",
					"JucePlugin_Build_AU=1",
					"JucePlugin_Build_AUv3=0",
					"JucePlugin_Build_AAX=0",
					"JucePlugin_Build_Standalone=1",
					"JucePlugin_Build_Unity=0",
					"JucePlugin_Build_LV2=0",
					"JucePlugin_Enable_IAA=0",
					"JucePlugin_Enable_ARA=0",
					"JucePlugin_Name=\\\"Graphic\\ EQ\\\"",
					"JucePlugin_Desc=\\\"viator-graphic-eq\\\"",
					"JucePlugin_Manufacturer=\\\"Viator\\ DSP\\\"",
					"JucePlugin_ManufacturerWebsite=\\\"www.ViatorDSP.com\\\"",
					"JucePlugin_ManufacturerEmail=\\\"\\\"",
					"JucePlugin_ManufacturerCode=0x4d616e75",
					"JucePlugin_PluginCode=0x476d7164",
					"JucePlugin_IsSynth=0",
					"JucePlugin_WantsMidiInput=0",
					"JucePlugin_ProducesMidiOutput=0",
					"JucePlugin_IsMidiEffect=0",
					"JucePlugin_EditorRequiresKeyboardFocus=0",
					"JucePlugin_Version=1.0.0",
					"JucePlugin_VersionCode=0x10000",
					"JucePlugin_VersionString=\\\"1.0.0\\\"",
					"JucePlugin_VSTUniqueID=JucePlugin_PluginCode",
					"JucePlugin_VSTCategory=kPlugCategEffect",
					"JucePlugin_Vst3Category=\\\"Fx\\\"",
					"JucePlugin_AUMainType=\\'aufx\\'",
					"JucePlugin_AUSubType=JucePlugin_PluginCode",
					"JucePlugin_AUExportPrefix=viatorgraphiceqAU",
					"JucePlugin_AUExportPrefixQuoted=\\\"viatorgraphiceqAU\\\"",
					"JucePlugin_AUManufacturerCode=JucePlugin_ManufacturerCode",
					"JucePlugin_CFBundleIdentifier=com.ViatorDSP.viatorgraphiceq",
					"JucePlugin_AAXIdentifier=com.ViatorDSP.viatorgraphiceq",
					"JucePlugin_AAXManufacturerCode=JucePlugin_ManufacturerCode",
					"JucePlugin_AAXProductId=JucePlugin_PluginCode",
					"JucePlugin_AAXCategory=0",
					"JucePlugin_AAXDisableBypass=0",
					"JucePlugin_AAXDisableMultiMono=0",
					"JucePlugin_IAAType=0x61757278",
					"JucePlugin_IAASubType=JucePlugin_PluginCode",
					"JucePlugin_IAAName=\\\"Viator\\ DSP:\\ Graphic\\ EQ\\\"",
					"JucePlugin_VSTNumMidiInputs=16",
					"JucePlugin_VSTNumMidiOutputs=16",
					"JucePlugin_ARAContentTypes=0",
					"JucePlugin_ARATransformationFlags=0",
					"JucePlugin_ARAFactoryID=\\\"com.ViatorDSP.viatorgraphiceq.factory\\\"",
					"JucePlugin_ARADocumentArchiveID=\\\"com.ViatorDSP.viatorgraphiceq.aradocumentarchive.1.0.0\\\"",
					"JucePlugin_ARACompatibleArchiveIDs=\\\"\\\"",
					"JUCE_STANDALONE_APPLICATION=JucePlugin_Build_Standalone",
					"JUCER_XCODE_MAC_F6D2F4CF=1",
					"JUCE_APP_VERSION=1.0.0",
					"JUCE_APP_VERSION_HEX=0x10000",
					"JUCE_SHARED_CODE=1",
				);
				GCC_VERSION = com.apple.compilers.llvm.clang.1_0;
				HEADER_SEARCH_PATHS = (
					"$(SRCROOT)/../../../modules/JUCE/modules/juce_audio_processors/format_types/VST3_SDK",
					"$(SRCROOT)/../../JuceLibraryCode",
					"$(SRCROOT)/../../../modules/JUCE/modules",
					"$(SRCROOT)/../../JuceLibraryCode/modules",
					"$(SRCROOT)/../../../modules/JUCE/modules/juce_audio_plugin_client/AU",
					"$(inherited)",
				);
				INSTALL_PATH = "@executable_path/../Frameworks";
				LLVM_LTO = YES;
				MACOSX_DEPLOYMENT_TARGET = 10.13;
				MTL_HEADER_SEARCH_PATHS = "$(SRCROOT)/../../../modules/JUCE/modules/juce_audio_processors/format_types/VST3_SDK $(SRCROOT)/../../JuceLibraryCode $(SRCROOT)/../../../modules/JUCE/modules $(SRCROOT)/../../JuceLibraryCode/modules $(SRCROOT)/../../../modules/JUCE/modules/juce_audio_plugin_client/AU";
				OTHER_LDFLAGS = "-weak_framework Metal -weak_framework MetalKit";
				PRODUCT_BUNDLE_IDENTIFIER = com.ViatorDSP.viatorgraphiceq;
				PRODUCT_NAME = "viator-graphic-eq";
				SKIP_INSTALL = YES;
				USE_HEADERMAP = NO;
				VALID_ARCHS = "i386 x86_64 arm64 arm64e";
			};
			name = Release;
		};
		629A2F922A7FCAFF6FAAA017 /* Debug */ = {
			isa = XCBuildConfiguration;
			buildSettings = {
				CLANG_CXX_LANGUAGE_STANDARD = "c++17";
				CLANG_CXX_LIBRARY = "libc++";
				CLANG_LINK_OBJC_RUNTIME = NO;
				COMBINE_HIDPI_IMAGES = YES;
				CONFIGURATION_BUILD_DIR = "$(PROJECT_DIR)/build/$(CONFIGURATION)";
				COPY_PHASE_STRIP = NO;
				DEPLOYMENT_LOCATION = YES;
				DSTROOT = /;
				EXCLUDED_ARCHS = "";
				GCC_DYNAMIC_NO_PIC = NO;
				GCC_OPTIMIZATION_LEVEL = 0;
				GCC_PREPROCESSOR_DEFINITIONS = (
					"_DEBUG=1",
					"DEBUG=1",
					"JUCE_DISPLAY_SPLASH_SCREEN=0",
					"JUCE_USE_DARK_SPLASH_SCREEN=1",
					"JUCE_PROJUCER_VERSION=0x70005",
					"JUCE_MODULE_AVAILABLE_juce_audio_basics=1",
					"JUCE_MODULE_AVAILABLE_juce_audio_devices=1",
					"JUCE_MODULE_AVAILABLE_juce_audio_formats=1",
					"JUCE_MODULE_AVAILABLE_juce_audio_plugin_client=1",
					"JUCE_MODULE_AVAILABLE_juce_audio_processors=1",
					"JUCE_MODULE_AVAILABLE_juce_audio_utils=1",
					"JUCE_MODULE_AVAILABLE_juce_core=1",
					"JUCE_MODULE_AVAILABLE_juce_data_structures=1",
					"JUCE_MODULE_AVAILABLE_juce_dsp=1",
					"JUCE_MODULE_AVAILABLE_juce_events=1",
					"JUCE_MODULE_AVAILABLE_juce_graphics=1",
					"JUCE_MODULE_AVAILABLE_juce_gui_basics=1",
					"JUCE_MODULE_AVAILABLE_juce_gui_extra=1",
					"JUCE_MODULE_AVAILABLE_viator_modules=1",
					"JUCE_GLOBAL_MODULE_SETTINGS_INCLUDED=1",
					"JUCE_VST3_CAN_REPLACE_VST2=0",
					"JUCE_STRICT_REFCOUNTEDPOINTER=1",
					"JucePlugin_Build_VST=0",
					"JucePlugin_Build_VST3=0",
					"JucePlugin_Build_AU=1",
					"JucePlugin_Build_AUv3=0",
					"JucePlugin_Build_AAX=0",
					"JucePlugin_Build_Standalone=0",
					"JucePlugin_Build_Unity=0",
					"JucePlugin_Build_LV2=0",
					"JucePlugin_Enable_IAA=0",
					"JucePlugin_Enable_ARA=0",
					"JucePlugin_Name=\\\"Graphic\\ EQ\\\"",
					"JucePlugin_Desc=\\\"viator-graphic-eq\\\"",
					"JucePlugin_Manufacturer=\\\"Viator\\ DSP\\\"",
					"JucePlugin_ManufacturerWebsite=\\\"www.ViatorDSP.com\\\"",
					"JucePlugin_ManufacturerEmail=\\\"\\\"",
					"JucePlugin_ManufacturerCode=0x4d616e75",
					"JucePlugin_PluginCode=0x476d7164",
					"JucePlugin_IsSynth=0",
					"JucePlugin_WantsMidiInput=0",
					"JucePlugin_ProducesMidiOutput=0",
					"JucePlugin_IsMidiEffect=0",
					"JucePlugin_EditorRequiresKeyboardFocus=0",
					"JucePlugin_Version=1.0.0",
					"JucePlugin_VersionCode=0x10000",
					"JucePlugin_VersionString=\\\"1.0.0\\\"",
					"JucePlugin_VSTUniqueID=JucePlugin_PluginCode",
					"JucePlugin_VSTCategory=kPlugCategEffect",
					"JucePlugin_Vst3Category=\\\"Fx\\\"",
					"JucePlugin_AUMainType=\\'aufx\\'",
					"JucePlugin_AUSubType=JucePlugin_PluginCode",
					"JucePlugin_AUExportPrefix=viatorgraphiceqAU",
					"JucePlugin_AUExportPrefixQuoted=\\\"viatorgraphiceqAU\\\"",
					"JucePlugin_AUManufacturerCode=JucePlugin_ManufacturerCode",
					"JucePlugin_CFBundleIdentifier=com.ViatorDSP.viatorgraphiceq",
					"JucePlugin_AAXIdentifier=com.ViatorDSP.viatorgraphiceq",
					"JucePlugin_AAXManufacturerCode=JucePlugin_ManufacturerCode",
					"JucePlugin_AAXProductId=JucePlugin_PluginCode",
					"JucePlugin_AAXCategory=0",
					"JucePlugin_AAXDisableBypass=0",
					"JucePlugin_AAXDisableMultiMono=0",
					"JucePlugin_IAAType=0x61757278",
					"JucePlugin_IAASubType=JucePlugin_PluginCode",
					"JucePlugin_IAAName=\\\"Viator\\ DSP:\\ Graphic\\ EQ\\\"",
					"JucePlugin_VSTNumMidiInputs=16",
					"JucePlugin_VSTNumMidiOutputs=16",
					"JucePlugin_ARAContentTypes=0",
					"JucePlugin_ARATransformationFlags=0",
					"JucePlugin_ARAFactoryID=\\\"com.ViatorDSP.viatorgraphiceq.factory\\\"",
					"JucePlugin_ARADocumentArchiveID=\\\"com.ViatorDSP.viatorgraphiceq.aradocumentarchive.1.0.0\\\"",
					"JucePlugin_ARACompatibleArchiveIDs=\\\"\\\"",
					"JUCE_STANDALONE_APPLICATION=JucePlugin_Build_Standalone",
					"JUCER_XCODE_MAC_F6D2F4CF=1",
					"JUCE_APP_VERSION=1.0.0",
					"JUCE_APP_VERSION_HEX=0x10000",
				);
				GCC_VERSION = com.apple.compilers.llvm.clang.1_0;
				GENERATE_PKGINFO_FILE = YES;
				HEADER_SEARCH_PATHS = (
					"$(SRCROOT)/../../../modules/JUCE/modules/juce_audio_processors/format_types/VST3_SDK",
					"$(SRCROOT)/../../JuceLibraryCode",
					"$(SRCROOT)/../../../modules/JUCE/modules",
					"$(SRCROOT)/../../JuceLibraryCode/modules",
					"$(SRCROOT)/../../../modules/JUCE/modules/juce_audio_plugin_client/AU",
					"$(inherited)",
				);
				INFOPLIST_FILE = Info-AU.plist;
				INFOPLIST_PREPROCESS = NO;
				INSTALL_PATH = "$(HOME)/Library/Audio/Plug-Ins/Components/";
				LIBRARY_STYLE = Bundle;
				MACOSX_DEPLOYMENT_TARGET = 10.13;
				MTL_HEADER_SEARCH_PATHS = "$(SRCROOT)/../../../modules/JUCE/modules/juce_audio_processors/format_types/VST3_SDK $(SRCROOT)/../../JuceLibraryCode $(SRCROOT)/../../../modules/JUCE/modules $(SRCROOT)/../../JuceLibraryCode/modules $(SRCROOT)/../../../modules/JUCE/modules/juce_audio_plugin_client/AU";
				OTHER_LDFLAGS = "-bundle -lviator-graphic-eq -weak_framework Metal -weak_framework MetalKit";
				OTHER_REZFLAGS = "-d ppc_$ppc -d i386_$i386 -d ppc64_$ppc64 -d x86_64_$x86_64 -d arm64_$arm64 -I /System/Library/Frameworks/CoreServices.framework/Frameworks/CarbonCore.framework/Versions/A/Headers -I \"$(DEVELOPER_DIR)/Extras/CoreAudio/AudioUnits/AUPublic/AUBase\" -I \"$(DEVELOPER_DIR)/Platforms/MacOSX.platform/Developer/SDKs/MacOSX.sdk/System/Library/Frameworks/AudioUnit.framework/Headers\"";
				PRODUCT_BUNDLE_IDENTIFIER = com.ViatorDSP.viatorgraphiceq;
				PRODUCT_NAME = "viator-graphic-eq";
				USE_HEADERMAP = NO;
				VALID_ARCHS = "i386 x86_64 arm64 arm64e";
				WRAPPER_EXTENSION = component;
			};
			name = Debug;
		};
		63D281EF7664C9F539212E33 /* Release */ = {
			isa = XCBuildConfiguration;
			buildSettings = {
				ALWAYS_SEARCH_USER_PATHS = NO;
				CLANG_ENABLE_OBJC_WEAK = YES;
				CLANG_WARN_BLOCK_CAPTURE_AUTORELEASING = YES;
				CLANG_WARN_BOOL_CONVERSION = YES;
				CLANG_WARN_COMMA = YES;
				CLANG_WARN_CONSTANT_CONVERSION = YES;
				CLANG_WARN_DEPRECATED_OBJC_IMPLEMENTATIONS = YES;
				CLANG_WARN_EMPTY_BODY = YES;
				CLANG_WARN_ENUM_CONVERSION = YES;
				CLANG_WARN_INFINITE_RECURSION = YES;
				CLANG_WARN_INT_CONVERSION = YES;
				CLANG_WARN_NON_LITERAL_NULL_CONVERSION = YES;
				CLANG_WARN_OBJC_IMPLICIT_RETAIN_SELF = YES;
				CLANG_WARN_OBJC_LITERAL_CONVERSION = YES;
				CLANG_WARN_RANGE_LOOP_ANALYSIS = YES;
				CLANG_WARN_STRICT_PROTOTYPES = YES;
				CLANG_WARN_SUSPICIOUS_MOVE = YES;
				CLANG_WARN_UNREACHABLE_CODE = YES;
				CLANG_WARN__DUPLICATE_METHOD_MATCH = YES;
				DEBUG_INFORMATION_FORMAT = dwarf;
				ENABLE_STRICT_OBJC_MSGSEND = YES;
				ENABLE_TESTABILITY = NO;
				GCC_C_LANGUAGE_STANDARD = c11;
				GCC_INLINES_ARE_PRIVATE_EXTERN = YES;
				GCC_MODEL_TUNING = G5;
				GCC_NO_COMMON_BLOCKS = YES;
				GCC_SYMBOLS_PRIVATE_EXTERN = YES;
				GCC_WARN_64_TO_32_BIT_CONVERSION = YES;
				GCC_WARN_ABOUT_RETURN_TYPE = YES;
				GCC_WARN_CHECK_SWITCH_STATEMENTS = YES;
				GCC_WARN_MISSING_PARENTHESES = YES;
				GCC_WARN_NON_VIRTUAL_DESTRUCTOR = YES;
				GCC_WARN_TYPECHECK_CALLS_TO_PRINTF = YES;
				GCC_WARN_UNDECLARED_SELECTOR = YES;
				GCC_WARN_UNINITIALIZED_AUTOS = YES;
				GCC_WARN_UNUSED_FUNCTION = YES;
				GCC_WARN_UNUSED_VARIABLE = YES;
				PRODUCT_NAME = "viator-graphic-eq";
				SDKROOT = macosx;
				WARNING_CFLAGS = "-Wreorder";
				ZERO_LINK = NO;
			};
			name = Release;
		};
		731072EAEE660313828C1D9D /* Debug */ = {
			isa = XCBuildConfiguration;
			buildSettings = {
				ALWAYS_SEARCH_USER_PATHS = NO;
				CLANG_ENABLE_OBJC_WEAK = YES;
				CLANG_WARN_BLOCK_CAPTURE_AUTORELEASING = YES;
				CLANG_WARN_BOOL_CONVERSION = YES;
				CLANG_WARN_COMMA = YES;
				CLANG_WARN_CONSTANT_CONVERSION = YES;
				CLANG_WARN_DEPRECATED_OBJC_IMPLEMENTATIONS = YES;
				CLANG_WARN_EMPTY_BODY = YES;
				CLANG_WARN_ENUM_CONVERSION = YES;
				CLANG_WARN_INFINITE_RECURSION = YES;
				CLANG_WARN_INT_CONVERSION = YES;
				CLANG_WARN_NON_LITERAL_NULL_CONVERSION = YES;
				CLANG_WARN_OBJC_IMPLICIT_RETAIN_SELF = YES;
				CLANG_WARN_OBJC_LITERAL_CONVERSION = YES;
				CLANG_WARN_RANGE_LOOP_ANALYSIS = YES;
				CLANG_WARN_STRICT_PROTOTYPES = YES;
				CLANG_WARN_SUSPICIOUS_MOVE = YES;
				CLANG_WARN_UNREACHABLE_CODE = YES;
				CLANG_WARN__DUPLICATE_METHOD_MATCH = YES;
				DEBUG_INFORMATION_FORMAT = dwarf;
				ENABLE_STRICT_OBJC_MSGSEND = YES;
				ENABLE_TESTABILITY = NO;
				GCC_C_LANGUAGE_STANDARD = c11;
				GCC_INLINES_ARE_PRIVATE_EXTERN = YES;
				GCC_MODEL_TUNING = G5;
				GCC_NO_COMMON_BLOCKS = YES;
				GCC_SYMBOLS_PRIVATE_EXTERN = YES;
				GCC_WARN_64_TO_32_BIT_CONVERSION = YES;
				GCC_WARN_ABOUT_RETURN_TYPE = YES;
				GCC_WARN_CHECK_SWITCH_STATEMENTS = YES;
				GCC_WARN_MISSING_PARENTHESES = YES;
				GCC_WARN_NON_VIRTUAL_DESTRUCTOR = YES;
				GCC_WARN_TYPECHECK_CALLS_TO_PRINTF = YES;
				GCC_WARN_UNDECLARED_SELECTOR = YES;
				GCC_WARN_UNINITIALIZED_AUTOS = YES;
				GCC_WARN_UNUSED_FUNCTION = YES;
				GCC_WARN_UNUSED_VARIABLE = YES;
				ONLY_ACTIVE_ARCH = YES;
				PRODUCT_NAME = "viator-graphic-eq";
				SDKROOT = macosx;
				WARNING_CFLAGS = "-Wreorder";
				ZERO_LINK = NO;
			};
			name = Debug;
		};
		78D7372B8ECBEFB4C0FCA097 /* Release */ = {
			isa = XCBuildConfiguration;
			buildSettings = {
				CLANG_CXX_LANGUAGE_STANDARD = "c++17";
				CLANG_CXX_LIBRARY = "libc++";
				CLANG_LINK_OBJC_RUNTIME = NO;
				COMBINE_HIDPI_IMAGES = YES;
				CONFIGURATION_BUILD_DIR = "$(PROJECT_DIR)/build/$(CONFIGURATION)";
				DEAD_CODE_STRIPPING = YES;
				DEPLOYMENT_LOCATION = YES;
				DSTROOT = /;
				EXCLUDED_ARCHS = "";
				GCC_GENERATE_DEBUGGING_SYMBOLS = NO;
				GCC_OPTIMIZATION_LEVEL = 3;
				GCC_PREPROCESSOR_DEFINITIONS = (
					"_NDEBUG=1",
					"NDEBUG=1",
					"JUCE_DISPLAY_SPLASH_SCREEN=0",
					"JUCE_USE_DARK_SPLASH_SCREEN=1",
					"JUCE_PROJUCER_VERSION=0x70005",
					"JUCE_MODULE_AVAILABLE_juce_audio_basics=1",
					"JUCE_MODULE_AVAILABLE_juce_audio_devices=1",
					"JUCE_MODULE_AVAILABLE_juce_audio_formats=1",
					"JUCE_MODULE_AVAILABLE_juce_audio_plugin_client=1",
					"JUCE_MODULE_AVAILABLE_juce_audio_processors=1",
					"JUCE_MODULE_AVAILABLE_juce_audio_utils=1",
					"JUCE_MODULE_AVAILABLE_juce_core=1",
					"JUCE_MODULE_AVAILABLE_juce_data_structures=1",
					"JUCE_MODULE_AVAILABLE_juce_dsp=1",
					"JUCE_MODULE_AVAILABLE_juce_events=1",
					"JUCE_MODULE_AVAILABLE_juce_graphics=1",
					"JUCE_MODULE_AVAILABLE_juce_gui_basics=1",
					"JUCE_MODULE_AVAILABLE_juce_gui_extra=1",
					"JUCE_MODULE_AVAILABLE_viator_modules=1",
					"JUCE_GLOBAL_MODULE_SETTINGS_INCLUDED=1",
					"JUCE_VST3_CAN_REPLACE_VST2=0",
					"JUCE_STRICT_REFCOUNTEDPOINTER=1",
					"JucePlugin_Build_VST=0",
					"JucePlugin_Build_VST3=0",
					"JucePlugin_Build_AU=1",
					"JucePlugin_Build_AUv3=0",
					"JucePlugin_Build_AAX=0",
					"JucePlugin_Build_Standalone=0",
					"JucePlugin_Build_Unity=0",
					"JucePlugin_Build_LV2=0",
					"JucePlugin_Enable_IAA=0",
					"JucePlugin_Enable_ARA=0",
					"JucePlugin_Name=\\\"Graphic\\ EQ\\\"",
					"JucePlugin_Desc=\\\"viator-graphic-eq\\\"",
					"JucePlugin_Manufacturer=\\\"Viator\\ DSP\\\"",
					"JucePlugin_ManufacturerWebsite=\\\"www.ViatorDSP.com\\\"",
					"JucePlugin_ManufacturerEmail=\\\"\\\"",
					"JucePlugin_ManufacturerCode=0x4d616e75",
					"JucePlugin_PluginCode=0x476d7164",
					"JucePlugin_IsSynth=0",
					"JucePlugin_WantsMidiInput=0",
					"JucePlugin_ProducesMidiOutput=0",
					"JucePlugin_IsMidiEffect=0",
					"JucePlugin_EditorRequiresKeyboardFocus=0",
					"JucePlugin_Version=1.0.0",
					"JucePlugin_VersionCode=0x10000",
					"JucePlugin_VersionString=\\\"1.0.0\\\"",
					"JucePlugin_VSTUniqueID=JucePlugin_PluginCode",
					"JucePlugin_VSTCategory=kPlugCategEffect",
					"JucePlugin_Vst3Category=\\\"Fx\\\"",
					"JucePlugin_AUMainType=\\'aufx\\'",
					"JucePlugin_AUSubType=JucePlugin_PluginCode",
					"JucePlugin_AUExportPrefix=viatorgraphiceqAU",
					"JucePlugin_AUExportPrefixQuoted=\\\"viatorgraphiceqAU\\\"",
					"JucePlugin_AUManufacturerCode=JucePlugin_ManufacturerCode",
					"JucePlugin_CFBundleIdentifier=com.ViatorDSP.viatorgraphiceq",
					"JucePlugin_AAXIdentifier=com.ViatorDSP.viatorgraphiceq",
					"JucePlugin_AAXManufacturerCode=JucePlugin_ManufacturerCode",
					"JucePlugin_AAXProductId=JucePlugin_PluginCode",
					"JucePlugin_AAXCategory=0",
					"JucePlugin_AAXDisableBypass=0",
					"JucePlugin_AAXDisableMultiMono=0",
					"JucePlugin_IAAType=0x61757278",
					"JucePlugin_IAASubType=JucePlugin_PluginCode",
					"JucePlugin_IAAName=\\\"Viator\\ DSP:\\ Graphic\\ EQ\\\"",
					"JucePlugin_VSTNumMidiInputs=16",
					"JucePlugin_VSTNumMidiOutputs=16",
					"JucePlugin_ARAContentTypes=0",
					"JucePlugin_ARATransformationFlags=0",
					"JucePlugin_ARAFactoryID=\\\"com.ViatorDSP.viatorgraphiceq.factory\\\"",
					"JucePlugin_ARADocumentArchiveID=\\\"com.ViatorDSP.viatorgraphiceq.aradocumentarchive.1.0.0\\\"",
					"JucePlugin_ARACompatibleArchiveIDs=\\\"\\\"",
					"JUCE_STANDALONE_APPLICATION=JucePlugin_Build_Standalone",
					"JUCER_XCODE_MAC_F6D2F4CF=1",
					"JUCE_APP_VERSION=1.0.0",
					"JUCE_APP_VERSION_HEX=0x10000",
				);
				GCC_VERSION = com.apple.compilers.llvm.clang.1_0;
				GENERATE_PKGINFO_FILE = YES;
				HEADER_SEARCH_PATHS = (
					"$(SRCROOT)/../../../modules/JUCE/modules/juce_audio_processors/format_types/VST3_SDK",
					"$(SRCROOT)/../../JuceLibraryCode",
					"$(SRCROOT)/../../../modules/JUCE/modules",
					"$(SRCROOT)/../../JuceLibraryCode/modules",
					"$(SRCROOT)/../../../modules/JUCE/modules/juce_audio_plugin_client/AU",
					"$(inherited)",
				);
				INFOPLIST_FILE = Info-AU.plist;
				INFOPLIST_PREPROCESS = NO;
				INSTALL_PATH = "$(HOME)/Library/Audio/Plug-Ins/Components/";
				LIBRARY_STYLE = Bundle;
				LLVM_LTO = YES;
				MACOSX_DEPLOYMENT_TARGET = 10.13;
				MTL_HEADER_SEARCH_PATHS = "$(SRCROOT)/../../../modules/JUCE/modules/juce_audio_processors/format_types/VST3_SDK $(SRCROOT)/../../JuceLibraryCode $(SRCROOT)/../../../modules/JUCE/modules $(SRCROOT)/../../JuceLibraryCode/modules $(SRCROOT)/../../../modules/JUCE/modules/juce_audio_plugin_client/AU";
				OTHER_LDFLAGS = "-bundle -lviator-graphic-eq -weak_framework Metal -weak_framework MetalKit";
				OTHER_REZFLAGS = "-d ppc_$ppc -d i386_$i386 -d ppc64_$ppc64 -d x86_64_$x86_64 -d arm64_$arm64 -I /System/Library/Frameworks/CoreServices.framework/Frameworks/CarbonCore.framework/Versions/A/Headers -I \"$(DEVELOPER_DIR)/Extras/CoreAudio/AudioUnits/AUPublic/AUBase\" -I \"$(DEVELOPER_DIR)/Platforms/MacOSX.platform/Developer/SDKs/MacOSX.sdk/System/Library/Frameworks/AudioUnit.framework/Headers\"";
				PRODUCT_BUNDLE_IDENTIFIER = com.ViatorDSP.viatorgraphiceq;
				PRODUCT_NAME = "viator-graphic-eq";
				USE_HEADERMAP = NO;
				VALID_ARCHS = "i386 x86_64 arm64 arm64e";
				WRAPPER_EXTENSION = component;
			};
			name = Release;
		};
		84F09DF76629E39B5F5C7261 /* Release */ = {
			isa = XCBuildConfiguration;
			buildSettings = {
				CLANG_CXX_LANGUAGE_STANDARD = "c++17";
				CLANG_CXX_LIBRARY = "libc++";
				CLANG_LINK_OBJC_RUNTIME = NO;
				COMBINE_HIDPI_IMAGES = YES;
				CONFIGURATION_BUILD_DIR = "$(PROJECT_DIR)/build/$(CONFIGURATION)";
				DEAD_CODE_STRIPPING = YES;
				DEPLOYMENT_LOCATION = YES;
				DSTROOT = /;
				EXCLUDED_ARCHS = "";
				GCC_GENERATE_DEBUGGING_SYMBOLS = NO;
				GCC_OPTIMIZATION_LEVEL = 3;
				GCC_PREPROCESSOR_DEFINITIONS = (
					"_NDEBUG=1",
					"NDEBUG=1",
					"JUCE_DISPLAY_SPLASH_SCREEN=0",
					"JUCE_USE_DARK_SPLASH_SCREEN=1",
					"JUCE_PROJUCER_VERSION=0x70005",
					"JUCE_MODULE_AVAILABLE_juce_audio_basics=1",
					"JUCE_MODULE_AVAILABLE_juce_audio_devices=1",
					"JUCE_MODULE_AVAILABLE_juce_audio_formats=1",
					"JUCE_MODULE_AVAILABLE_juce_audio_plugin_client=1",
					"JUCE_MODULE_AVAILABLE_juce_audio_processors=1",
					"JUCE_MODULE_AVAILABLE_juce_audio_utils=1",
					"JUCE_MODULE_AVAILABLE_juce_core=1",
					"JUCE_MODULE_AVAILABLE_juce_data_structures=1",
					"JUCE_MODULE_AVAILABLE_juce_dsp=1",
					"JUCE_MODULE_AVAILABLE_juce_events=1",
					"JUCE_MODULE_AVAILABLE_juce_graphics=1",
					"JUCE_MODULE_AVAILABLE_juce_gui_basics=1",
					"JUCE_MODULE_AVAILABLE_juce_gui_extra=1",
					"JUCE_MODULE_AVAILABLE_viator_modules=1",
					"JUCE_GLOBAL_MODULE_SETTINGS_INCLUDED=1",
					"JUCE_VST3_CAN_REPLACE_VST2=0",
					"JUCE_STRICT_REFCOUNTEDPOINTER=1",
					"JucePlugin_Build_VST=0",
					"JucePlugin_Build_VST3=1",
					"JucePlugin_Build_AU=0",
					"JucePlugin_Build_AUv3=0",
					"JucePlugin_Build_AAX=0",
					"JucePlugin_Build_Standalone=0",
					"JucePlugin_Build_Unity=0",
					"JucePlugin_Build_LV2=0",
					"JucePlugin_Enable_IAA=0",
					"JucePlugin_Enable_ARA=0",
					"JucePlugin_Name=\\\"Graphic\\ EQ\\\"",
					"JucePlugin_Desc=\\\"viator-graphic-eq\\\"",
					"JucePlugin_Manufacturer=\\\"Viator\\ DSP\\\"",
					"JucePlugin_ManufacturerWebsite=\\\"www.ViatorDSP.com\\\"",
					"JucePlugin_ManufacturerEmail=\\\"\\\"",
					"JucePlugin_ManufacturerCode=0x4d616e75",
					"JucePlugin_PluginCode=0x476d7164",
					"JucePlugin_IsSynth=0",
					"JucePlugin_WantsMidiInput=0",
					"JucePlugin_ProducesMidiOutput=0",
					"JucePlugin_IsMidiEffect=0",
					"JucePlugin_EditorRequiresKeyboardFocus=0",
					"JucePlugin_Version=1.0.0",
					"JucePlugin_VersionCode=0x10000",
					"JucePlugin_VersionString=\\\"1.0.0\\\"",
					"JucePlugin_VSTUniqueID=JucePlugin_PluginCode",
					"JucePlugin_VSTCategory=kPlugCategEffect",
					"JucePlugin_Vst3Category=\\\"Fx\\\"",
					"JucePlugin_AUMainType=\\'aufx\\'",
					"JucePlugin_AUSubType=JucePlugin_PluginCode",
					"JucePlugin_AUExportPrefix=viatorgraphiceqAU",
					"JucePlugin_AUExportPrefixQuoted=\\\"viatorgraphiceqAU\\\"",
					"JucePlugin_AUManufacturerCode=JucePlugin_ManufacturerCode",
					"JucePlugin_CFBundleIdentifier=com.ViatorDSP.viatorgraphiceq",
					"JucePlugin_AAXIdentifier=com.ViatorDSP.viatorgraphiceq",
					"JucePlugin_AAXManufacturerCode=JucePlugin_ManufacturerCode",
					"JucePlugin_AAXProductId=JucePlugin_PluginCode",
					"JucePlugin_AAXCategory=0",
					"JucePlugin_AAXDisableBypass=0",
					"JucePlugin_AAXDisableMultiMono=0",
					"JucePlugin_IAAType=0x61757278",
					"JucePlugin_IAASubType=JucePlugin_PluginCode",
					"JucePlugin_IAAName=\\\"Viator\\ DSP:\\ Graphic\\ EQ\\\"",
					"JucePlugin_VSTNumMidiInputs=16",
					"JucePlugin_VSTNumMidiOutputs=16",
					"JucePlugin_ARAContentTypes=0",
					"JucePlugin_ARATransformationFlags=0",
					"JucePlugin_ARAFactoryID=\\\"com.ViatorDSP.viatorgraphiceq.factory\\\"",
					"JucePlugin_ARADocumentArchiveID=\\\"com.ViatorDSP.viatorgraphiceq.aradocumentarchive.1.0.0\\\"",
					"JucePlugin_ARACompatibleArchiveIDs=\\\"\\\"",
					"JUCE_STANDALONE_APPLICATION=JucePlugin_Build_Standalone",
					"JUCER_XCODE_MAC_F6D2F4CF=1",
					"JUCE_APP_VERSION=1.0.0",
					"JUCE_APP_VERSION_HEX=0x10000",
				);
				GCC_VERSION = com.apple.compilers.llvm.clang.1_0;
				GENERATE_PKGINFO_FILE = YES;
				HEADER_SEARCH_PATHS = (
					"$(SRCROOT)/../../../modules/JUCE/modules/juce_audio_processors/format_types/VST3_SDK",
					"$(SRCROOT)/../../JuceLibraryCode",
					"$(SRCROOT)/../../../modules/JUCE/modules",
					"$(SRCROOT)/../../JuceLibraryCode/modules",
					"$(SRCROOT)/../../../modules/JUCE/modules/juce_audio_plugin_client/AU",
					"$(inherited)",
				);
				INFOPLIST_FILE = Info-VST3.plist;
				INFOPLIST_PREPROCESS = NO;
				INSTALL_PATH = "$(HOME)/Library/Audio/Plug-Ins/VST3/";
				LIBRARY_STYLE = Bundle;
				LLVM_LTO = YES;
				MACOSX_DEPLOYMENT_TARGET = 10.13;
				MTL_HEADER_SEARCH_PATHS = "$(SRCROOT)/../../../modules/JUCE/modules/juce_audio_processors/format_types/VST3_SDK $(SRCROOT)/../../JuceLibraryCode $(SRCROOT)/../../../modules/JUCE/modules $(SRCROOT)/../../JuceLibraryCode/modules $(SRCROOT)/../../../modules/JUCE/modules/juce_audio_plugin_client/AU";
				OTHER_LDFLAGS = "-bundle -lviator-graphic-eq -weak_framework Metal -weak_framework MetalKit";
				PRODUCT_BUNDLE_IDENTIFIER = com.ViatorDSP.viatorgraphiceq;
				PRODUCT_NAME = "viator-graphic-eq";
				USE_HEADERMAP = NO;
				VALID_ARCHS = "i386 x86_64 arm64 arm64e";
				WRAPPER_EXTENSION = vst3;
			};
			name = Release;
		};
		B9741457734DA70212166CF5 /* Debug */ = {
			isa = XCBuildConfiguration;
			buildSettings = {
				CLANG_CXX_LANGUAGE_STANDARD = "c++17";
				CLANG_CXX_LIBRARY = "libc++";
				CLANG_LINK_OBJC_RUNTIME = NO;
				COMBINE_HIDPI_IMAGES = YES;
				CONFIGURATION_BUILD_DIR = "$(PROJECT_DIR)/build/$(CONFIGURATION)";
				COPY_PHASE_STRIP = NO;
				DEPLOYMENT_LOCATION = YES;
				DSTROOT = /;
				EXCLUDED_ARCHS = "";
				GCC_DYNAMIC_NO_PIC = NO;
				GCC_OPTIMIZATION_LEVEL = 0;
				GCC_PREPROCESSOR_DEFINITIONS = (
					"_DEBUG=1",
					"DEBUG=1",
					"JUCE_DISPLAY_SPLASH_SCREEN=0",
					"JUCE_USE_DARK_SPLASH_SCREEN=1",
					"JUCE_PROJUCER_VERSION=0x70005",
					"JUCE_MODULE_AVAILABLE_juce_audio_basics=1",
					"JUCE_MODULE_AVAILABLE_juce_audio_devices=1",
					"JUCE_MODULE_AVAILABLE_juce_audio_formats=1",
					"JUCE_MODULE_AVAILABLE_juce_audio_plugin_client=1",
					"JUCE_MODULE_AVAILABLE_juce_audio_processors=1",
					"JUCE_MODULE_AVAILABLE_juce_audio_utils=1",
					"JUCE_MODULE_AVAILABLE_juce_core=1",
					"JUCE_MODULE_AVAILABLE_juce_data_structures=1",
					"JUCE_MODULE_AVAILABLE_juce_dsp=1",
					"JUCE_MODULE_AVAILABLE_juce_events=1",
					"JUCE_MODULE_AVAILABLE_juce_graphics=1",
					"JUCE_MODULE_AVAILABLE_juce_gui_basics=1",
					"JUCE_MODULE_AVAILABLE_juce_gui_extra=1",
					"JUCE_MODULE_AVAILABLE_viator_modules=1",
					"JUCE_GLOBAL_MODULE_SETTINGS_INCLUDED=1",
					"JUCE_VST3_CAN_REPLACE_VST2=0",
					"JUCE_STRICT_REFCOUNTEDPOINTER=1",
					"JucePlugin_Build_VST=0",
					"JucePlugin_Build_VST3=1",
					"JucePlugin_Build_AU=0",
					"JucePlugin_Build_AUv3=0",
					"JucePlugin_Build_AAX=0",
					"JucePlugin_Build_Standalone=0",
					"JucePlugin_Build_Unity=0",
					"JucePlugin_Build_LV2=0",
					"JucePlugin_Enable_IAA=0",
					"JucePlugin_Enable_ARA=0",
					"JucePlugin_Name=\\\"Graphic\\ EQ\\\"",
					"JucePlugin_Desc=\\\"viator-graphic-eq\\\"",
					"JucePlugin_Manufacturer=\\\"Viator\\ DSP\\\"",
					"JucePlugin_ManufacturerWebsite=\\\"www.ViatorDSP.com\\\"",
					"JucePlugin_ManufacturerEmail=\\\"\\\"",
					"JucePlugin_ManufacturerCode=0x4d616e75",
					"JucePlugin_PluginCode=0x476d7164",
					"JucePlugin_IsSynth=0",
					"JucePlugin_WantsMidiInput=0",
					"JucePlugin_ProducesMidiOutput=0",
					"JucePlugin_IsMidiEffect=0",
					"JucePlugin_EditorRequiresKeyboardFocus=0",
					"JucePlugin_Version=1.0.0",
					"JucePlugin_VersionCode=0x10000",
					"JucePlugin_VersionString=\\\"1.0.0\\\"",
					"JucePlugin_VSTUniqueID=JucePlugin_PluginCode",
					"JucePlugin_VSTCategory=kPlugCategEffect",
					"JucePlugin_Vst3Category=\\\"Fx\\\"",
					"JucePlugin_AUMainType=\\'aufx\\'",
					"JucePlugin_AUSubType=JucePlugin_PluginCode",
					"JucePlugin_AUExportPrefix=viatorgraphiceqAU",
					"JucePlugin_AUExportPrefixQuoted=\\\"viatorgraphiceqAU\\\"",
					"JucePlugin_AUManufacturerCode=JucePlugin_ManufacturerCode",
					"JucePlugin_CFBundleIdentifier=com.ViatorDSP.viatorgraphiceq",
					"JucePlugin_AAXIdentifier=com.ViatorDSP.viatorgraphiceq",
					"JucePlugin_AAXManufacturerCode=JucePlugin_ManufacturerCode",
					"JucePlugin_AAXProductId=JucePlugin_PluginCode",
					"JucePlugin_AAXCategory=0",
					"JucePlugin_AAXDisableBypass=0",
					"JucePlugin_AAXDisableMultiMono=0",
					"JucePlugin_IAAType=0x61757278",
					"JucePlugin_IAASubType=JucePlugin_PluginCode",
					"JucePlugin_IAAName=\\\"Viator\\ DSP:\\ Graphic\\ EQ\\\"",
					"JucePlugin_VSTNumMidiInputs=16",
					"JucePlugin_VSTNumMidiOutputs=16",
					"JucePlugin_ARAContentTypes=0",
					"JucePlugin_ARATransformationFlags=0",
					"JucePlugin_ARAFactoryID=\\\"com.ViatorDSP.viatorgraphiceq.factory\\\"",
					"JucePlugin_ARADocumentArchiveID=\\\"com.ViatorDSP.viatorgraphiceq.aradocumentarchive.1.0.0\\\"",
					"JucePlugin_ARACompatibleArchiveIDs=\\\"\\\"",
					"JUCE_STANDALONE_APPLICATION=JucePlugin_Build_Standalone",
					"JUCER_XCODE_MAC_F6D2F4CF=1",
					"JUCE_APP_VERSION=1.0.0",
					"JUCE_APP_VERSION_HEX=0x10000",
				);
				GCC_VERSION = com.apple.compilers.llvm.clang.1_0;
				GENERATE_PKGINFO_FILE = YES;
				HEADER_SEARCH_PATHS = (
					"$(SRCROOT)/../../../modules/JUCE/modules/juce_audio_processors/format_types/VST3_SDK",
					"$(SRCROOT)/../../JuceLibraryCode",
					"$(SRCROOT)/../../../modules/JUCE/modules",
					"$(SRCROOT)/../../JuceLibraryCode/modules",
					"$(SRCROOT)/../../../modules/JUCE/modules/juce_audio_plugin_client/AU",
					"$(inherited)",
				);
				INFOPLIST_FILE = Info-VST3.plist;
				INFOPLIST_PREPROCESS = NO;
				INSTALL_PATH = "$(HOME)/Library/Audio/Plug-Ins/VST3/";
				LIBRARY_STYLE = Bundle;
				MACOSX_DEPLOYMENT_TARGET = 10.13;
				MTL_HEADER_SEARCH_PATHS = "$(SRCROOT)/../../../modules/JUCE/modules/juce_audio_processors/format_types/VST3_SDK $(SRCROOT)/../../JuceLibraryCode $(SRCROOT)/../../../modules/JUCE/modules $(SRCROOT)/../../JuceLibraryCode/modules $(SRCROOT)/../../../modules/JUCE/modules/juce_audio_plugin_client/AU";
				OTHER_LDFLAGS = "-bundle -lviator-graphic-eq -weak_framework Metal -weak_framework MetalKit";
				PRODUCT_BUNDLE_IDENTIFIER = com.ViatorDSP.viatorgraphiceq;
				PRODUCT_NAME = "viator-graphic-eq";
				USE_HEADERMAP = NO;
				VALID_ARCHS = "i386 x86_64 arm64 arm64e";
				WRAPPER_EXTENSION = vst3;
			};
			name = Debug;
		};
		CF8F191E9208D8A888B30F17 /* Debug */ = {
			isa = XCBuildConfiguration;
			buildSettings = {
				CLANG_CXX_LANGUAGE_STANDARD = "c++17";
				CLANG_CXX_LIBRARY = "libc++";
				CLANG_LINK_OBJC_RUNTIME = NO;
				COMBINE_HIDPI_IMAGES = YES;
				CONFIGURATION_BUILD_DIR = "$(PROJECT_DIR)/build/$(CONFIGURATION)";
				COPY_PHASE_STRIP = NO;
				EXCLUDED_ARCHS = "";
				GCC_DYNAMIC_NO_PIC = NO;
				GCC_OPTIMIZATION_LEVEL = 0;
				GCC_PREPROCESSOR_DEFINITIONS = (
					"_DEBUG=1",
					"DEBUG=1",
					"JUCE_DISPLAY_SPLASH_SCREEN=0",
					"JUCE_USE_DARK_SPLASH_SCREEN=1",
					"JUCE_PROJUCER_VERSION=0x70005",
					"JUCE_MODULE_AVAILABLE_juce_audio_basics=1",
					"JUCE_MODULE_AVAILABLE_juce_audio_devices=1",
					"JUCE_MODULE_AVAILABLE_juce_audio_formats=1",
					"JUCE_MODULE_AVAILABLE_juce_audio_plugin_client=1",
					"JUCE_MODULE_AVAILABLE_juce_audio_processors=1",
					"JUCE_MODULE_AVAILABLE_juce_audio_utils=1",
					"JUCE_MODULE_AVAILABLE_juce_core=1",
					"JUCE_MODULE_AVAILABLE_juce_data_structures=1",
					"JUCE_MODULE_AVAILABLE_juce_dsp=1",
					"JUCE_MODULE_AVAILABLE_juce_events=1",
					"JUCE_MODULE_AVAILABLE_juce_graphics=1",
					"JUCE_MODULE_AVAILABLE_juce_gui_basics=1",
					"JUCE_MODULE_AVAILABLE_juce_gui_extra=1",
					"JUCE_MODULE_AVAILABLE_viator_modules=1",
					"JUCE_GLOBAL_MODULE_SETTINGS_INCLUDED=1",
					"JUCE_VST3_CAN_REPLACE_VST2=0",
					"JUCE_STRICT_REFCOUNTEDPOINTER=1",
					"JucePlugin_Build_VST=0",
					"JucePlugin_Build_VST3=1",
					"JucePlugin_Build_AU=1",
					"JucePlugin_Build_AUv3=0",
					"JucePlugin_Build_AAX=0",
					"JucePlugin_Build_Standalone=1",
					"JucePlugin_Build_Unity=0",
					"JucePlugin_Build_LV2=0",
					"JucePlugin_Enable_IAA=0",
					"JucePlugin_Enable_ARA=0",
					"JucePlugin_Name=\\\"Graphic\\ EQ\\\"",
					"JucePlugin_Desc=\\\"viator-graphic-eq\\\"",
					"JucePlugin_Manufacturer=\\\"Viator\\ DSP\\\"",
					"JucePlugin_ManufacturerWebsite=\\\"www.ViatorDSP.com\\\"",
					"JucePlugin_ManufacturerEmail=\\\"\\\"",
					"JucePlugin_ManufacturerCode=0x4d616e75",
					"JucePlugin_PluginCode=0x476d7164",
					"JucePlugin_IsSynth=0",
					"JucePlugin_WantsMidiInput=0",
					"JucePlugin_ProducesMidiOutput=0",
					"JucePlugin_IsMidiEffect=0",
					"JucePlugin_EditorRequiresKeyboardFocus=0",
					"JucePlugin_Version=1.0.0",
					"JucePlugin_VersionCode=0x10000",
					"JucePlugin_VersionString=\\\"1.0.0\\\"",
					"JucePlugin_VSTUniqueID=JucePlugin_PluginCode",
					"JucePlugin_VSTCategory=kPlugCategEffect",
					"JucePlugin_Vst3Category=\\\"Fx\\\"",
					"JucePlugin_AUMainType=\\'aufx\\'",
					"JucePlugin_AUSubType=JucePlugin_PluginCode",
					"JucePlugin_AUExportPrefix=viatorgraphiceqAU",
					"JucePlugin_AUExportPrefixQuoted=\\\"viatorgraphiceqAU\\\"",
					"JucePlugin_AUManufacturerCode=JucePlugin_ManufacturerCode",
					"JucePlugin_CFBundleIdentifier=com.ViatorDSP.viatorgraphiceq",
					"JucePlugin_AAXIdentifier=com.ViatorDSP.viatorgraphiceq",
					"JucePlugin_AAXManufacturerCode=JucePlugin_ManufacturerCode",
					"JucePlugin_AAXProductId=JucePlugin_PluginCode",
					"JucePlugin_AAXCategory=0",
					"JucePlugin_AAXDisableBypass=0",
					"JucePlugin_AAXDisableMultiMono=0",
					"JucePlugin_IAAType=0x61757278",
					"JucePlugin_IAASubType=JucePlugin_PluginCode",
					"JucePlugin_IAAName=\\\"Viator\\ DSP:\\ Graphic\\ EQ\\\"",
					"JucePlugin_VSTNumMidiInputs=16",
					"JucePlugin_VSTNumMidiOutputs=16",
					"JucePlugin_ARAContentTypes=0",
					"JucePlugin_ARATransformationFlags=0",
					"JucePlugin_ARAFactoryID=\\\"com.ViatorDSP.viatorgraphiceq.factory\\\"",
					"JucePlugin_ARADocumentArchiveID=\\\"com.ViatorDSP.viatorgraphiceq.aradocumentarchive.1.0.0\\\"",
					"JucePlugin_ARACompatibleArchiveIDs=\\\"\\\"",
					"JUCE_STANDALONE_APPLICATION=JucePlugin_Build_Standalone",
					"JUCER_XCODE_MAC_F6D2F4CF=1",
					"JUCE_APP_VERSION=1.0.0",
					"JUCE_APP_VERSION_HEX=0x10000",
					"JUCE_SHARED_CODE=1",
				);
				GCC_VERSION = com.apple.compilers.llvm.clang.1_0;
				HEADER_SEARCH_PATHS = (
					"$(SRCROOT)/../../../modules/JUCE/modules/juce_audio_processors/format_types/VST3_SDK",
					"$(SRCROOT)/../../JuceLibraryCode",
					"$(SRCROOT)/../../../modules/JUCE/modules",
					"$(SRCROOT)/../../JuceLibraryCode/modules",
					"$(SRCROOT)/../../../modules/JUCE/modules/juce_audio_plugin_client/AU",
					"$(inherited)",
				);
				INSTALL_PATH = "@executable_path/../Frameworks";
				MACOSX_DEPLOYMENT_TARGET = 10.13;
				MTL_HEADER_SEARCH_PATHS = "$(SRCROOT)/../../../modules/JUCE/modules/juce_audio_processors/format_types/VST3_SDK $(SRCROOT)/../../JuceLibraryCode $(SRCROOT)/../../../modules/JUCE/modules $(SRCROOT)/../../JuceLibraryCode/modules $(SRCROOT)/../../../modules/JUCE/modules/juce_audio_plugin_client/AU";
				OTHER_LDFLAGS = "-weak_framework Metal -weak_framework MetalKit";
				PRODUCT_BUNDLE_IDENTIFIER = com.ViatorDSP.viatorgraphiceq;
				PRODUCT_NAME = "viator-graphic-eq";
				SKIP_INSTALL = YES;
				USE_HEADERMAP = NO;
				VALID_ARCHS = "i386 x86_64 arm64 arm64e";
			};
			name = Debug;
		};
		F4308AE3EA0E26C6E5BA15C1 /* Debug */ = {
			isa = XCBuildConfiguration;
			buildSettings = {
				CLANG_CXX_LANGUAGE_STANDARD = "c++17";
				CLANG_CXX_LIBRARY = "libc++";
				CLANG_LINK_OBJC_RUNTIME = NO;
				COMBINE_HIDPI_IMAGES = YES;
				CONFIGURATION_BUILD_DIR = "$(PROJECT_DIR)/build/$(CONFIGURATION)";
				COPY_PHASE_STRIP = NO;
				EXCLUDED_ARCHS = "";
				GCC_DYNAMIC_NO_PIC = NO;
				GCC_OPTIMIZATION_LEVEL = 0;
				GCC_PREPROCESSOR_DEFINITIONS = (
					"_DEBUG=1",
					"DEBUG=1",
					"JUCE_DISPLAY_SPLASH_SCREEN=0",
					"JUCE_USE_DARK_SPLASH_SCREEN=1",
					"JUCE_PROJUCER_VERSION=0x70005",
					"JUCE_MODULE_AVAILABLE_juce_audio_basics=1",
					"JUCE_MODULE_AVAILABLE_juce_audio_devices=1",
					"JUCE_MODULE_AVAILABLE_juce_audio_formats=1",
					"JUCE_MODULE_AVAILABLE_juce_audio_plugin_client=1",
					"JUCE_MODULE_AVAILABLE_juce_audio_processors=1",
					"JUCE_MODULE_AVAILABLE_juce_audio_utils=1",
					"JUCE_MODULE_AVAILABLE_juce_core=1",
					"JUCE_MODULE_AVAILABLE_juce_data_structures=1",
					"JUCE_MODULE_AVAILABLE_juce_dsp=1",
					"JUCE_MODULE_AVAILABLE_juce_events=1",
					"JUCE_MODULE_AVAILABLE_juce_graphics=1",
					"JUCE_MODULE_AVAILABLE_juce_gui_basics=1",
					"JUCE_MODULE_AVAILABLE_juce_gui_extra=1",
					"JUCE_MODULE_AVAILABLE_viator_modules=1",
					"JUCE_GLOBAL_MODULE_SETTINGS_INCLUDED=1",
					"JUCE_VST3_CAN_REPLACE_VST2=0",
					"JUCE_STRICT_REFCOUNTEDPOINTER=1",
					"JucePlugin_Build_VST=0",
					"JucePlugin_Build_VST3=0",
					"JucePlugin_Build_AU=0",
					"JucePlugin_Build_AUv3=0",
					"JucePlugin_Build_AAX=0",
					"JucePlugin_Build_Standalone=1",
					"JucePlugin_Build_Unity=0",
					"JucePlugin_Build_LV2=0",
					"JucePlugin_Enable_IAA=0",
					"JucePlugin_Enable_ARA=0",
					"JucePlugin_Name=\\\"Graphic\\ EQ\\\"",
					"JucePlugin_Desc=\\\"viator-graphic-eq\\\"",
					"JucePlugin_Manufacturer=\\\"Viator\\ DSP\\\"",
					"JucePlugin_ManufacturerWebsite=\\\"www.ViatorDSP.com\\\"",
					"JucePlugin_ManufacturerEmail=\\\"\\\"",
					"JucePlugin_ManufacturerCode=0x4d616e75",
					"JucePlugin_PluginCode=0x476d7164",
					"JucePlugin_IsSynth=0",
					"JucePlugin_WantsMidiInput=0",
					"JucePlugin_ProducesMidiOutput=0",
					"JucePlugin_IsMidiEffect=0",
					"JucePlugin_EditorRequiresKeyboardFocus=0",
					"JucePlugin_Version=1.0.0",
					"JucePlugin_VersionCode=0x10000",
					"JucePlugin_VersionString=\\\"1.0.0\\\"",
					"JucePlugin_VSTUniqueID=JucePlugin_PluginCode",
					"JucePlugin_VSTCategory=kPlugCategEffect",
					"JucePlugin_Vst3Category=\\\"Fx\\\"",
					"JucePlugin_AUMainType=\\'aufx\\'",
					"JucePlugin_AUSubType=JucePlugin_PluginCode",
					"JucePlugin_AUExportPrefix=viatorgraphiceqAU",
					"JucePlugin_AUExportPrefixQuoted=\\\"viatorgraphiceqAU\\\"",
					"JucePlugin_AUManufacturerCode=JucePlugin_ManufacturerCode",
					"JucePlugin_CFBundleIdentifier=com.ViatorDSP.viatorgraphiceq",
					"JucePlugin_AAXIdentifier=com.ViatorDSP.viatorgraphiceq",
					"JucePlugin_AAXManufacturerCode=JucePlugin_ManufacturerCode",
					"JucePlugin_AAXProductId=JucePlugin_PluginCode",
					"JucePlugin_AAXCategory=0",
					"JucePlugin_AAXDisableBypass=0",
					"JucePlugin_AAXDisableMultiMono=0",
					"JucePlugin_IAAType=0x61757278",
					"JucePlugin_IAASubType=JucePlugin_PluginCode",
					"JucePlugin_IAAName=\\\"Viator\\ DSP:\\ Graphic\\ EQ\\\"",
					"JucePlugin_VSTNumMidiInputs=16",
					"JucePlugin_VSTNumMidiOutputs=16",
					"JucePlugin_ARAContentTypes=0",
					"JucePlugin_ARATransformationFlags=0",
					"JucePlugin_ARAFactoryID=\\\"com.ViatorDSP.viatorgraphiceq.factory\\\"",
					"JucePlugin_ARADocumentArchiveID=\\\"com.ViatorDSP.viatorgraphiceq.aradocumentarchive.1.0.0\\\"",
					"JucePlugin_ARACompatibleArchiveIDs=\\\"\\\"",
					"JUCE_STANDALONE_APPLICATION=JucePlugin_Build_Standalone",
					"JUCER_XCODE_MAC_F6D2F4CF=1",
					"JUCE_APP_VERSION=1.0.0",
					"JUCE_APP_VERSION_HEX=0x10000",
				);
				GCC_VERSION = com.apple.compilers.llvm.clang.1_0;
				HEADER_SEARCH_PATHS = (
					"$(SRCROOT)/../../../modules/JUCE/modules/juce_audio_processors/format_types/VST3_SDK",
					"$(SRCROOT)/../../JuceLibraryCode",
					"$(SRCROOT)/../../../modules/JUCE/modules",
					"$(SRCROOT)/../../JuceLibraryCode/modules",
					"$(SRCROOT)/../../../modules/JUCE/modules/juce_audio_plugin_client/AU",
					"$(inherited)",
				);
				INFOPLIST_FILE = Info-Standalone_Plugin.plist;
				INFOPLIST_PREPROCESS = NO;
				MACOSX_DEPLOYMENT_TARGET = 10.13;
				MTL_HEADER_SEARCH_PATHS = "$(SRCROOT)/../../../modules/JUCE/modules/juce_audio_processors/format_types/VST3_SDK $(SRCROOT)/../../JuceLibraryCode $(SRCROOT)/../../../modules/JUCE/modules $(SRCROOT)/../../JuceLibraryCode/modules $(SRCROOT)/../../../modules/JUCE/modules/juce_audio_plugin_client/AU";
				OTHER_LDFLAGS = "-lviator-graphic-eq -weak_framework Metal -weak_framework MetalKit";
				PRODUCT_BUNDLE_IDENTIFIER = com.ViatorDSP.viatorgraphiceq;
				PRODUCT_NAME = "viator-graphic-eq";
				USE_HEADERMAP = NO;
				VALID_ARCHS = "i386 x86_64 arm64 arm64e";
			};
			name = Debug;
		};
/* End XCBuildConfiguration section */

/* Begin XCConfigurationList section */
		4A2CD13AB693A89EC688D9E3 = {
			isa = XCConfigurationList;
			buildConfigurations = (
				CF8F191E9208D8A888B30F17,
				60488C07CD08B2FF17AB8FFB,
			);
			defaultConfigurationIsVisible = 0;
			defaultConfigurationName = Debug;
		};
		60B011547D8DD80AB9BC2272 = {
			isa = XCConfigurationList;
			buildConfigurations = (
				B9741457734DA70212166CF5,
				84F09DF76629E39B5F5C7261,
			);
			defaultConfigurationIsVisible = 0;
			defaultConfigurationName = Debug;
		};
		71A95A4297C51A5002DF5FEE = {
			isa = XCConfigurationList;
			buildConfigurations = (
				629A2F922A7FCAFF6FAAA017,
				78D7372B8ECBEFB4C0FCA097,
			);
			defaultConfigurationIsVisible = 0;
			defaultConfigurationName = Debug;
		};
		80389F1CEEF01BE421D4C045 = {
			isa = XCConfigurationList;
			buildConfigurations = (
				F4308AE3EA0E26C6E5BA15C1,
				4D7BE00F7A68759E02C64480,
			);
			defaultConfigurationIsVisible = 0;
			defaultConfigurationName = Debug;
		};
		92ACFE51C7E8F18C2E824C6D = {
			isa = XCConfigurationList;
			buildConfigurations = (
				63D281EF7664C9F539212E33,
				731072EAEE660313828C1D9D,
			);
			defaultConfigurationIsVisible = 0;
			defaultConfigurationName = Debug;
		};
		C3AE578F13F6E8FE397A47A7 = {
			isa = XCConfigurationList;
			buildConfigurations = (
				2DB62C51C4CCFDFD24427932,
				5E7515767D28BE4273FD852E,
			);
			defaultConfigurationIsVisible = 0;
			defaultConfigurationName = Debug;
		};
/* End XCConfigurationList section */
	};
	rootObject = 0618B66A77A36AF42FB4494D /* Project object */;
}
